# THIS IS AN AUTOGENERATED FILE. DO NOT EDIT THIS FILE DIRECTLY.
# yarn lockfile v1


"@inovex.de/elements@^1.2.0":
  version "1.2.0"
  resolved "https://registry.yarnpkg.com/@inovex.de/elements/-/elements-1.2.0.tgz#a968c959a3747e4bc6d7582f5237fc54571ef8ed"
  integrity sha512-DTdd1k2L24azb3ZZoLiXRssE1TgZXB68LUfv34ZaAzbH9BkVcRu6J28EwTLngwDbPHB1JGBzT0xCutBc2FIOzA==
  dependencies:
    "@material/button" "^5.1.0"
    "@material/card" "^5.1.0"
    "@material/checkbox" "^5.1.0"
    "@material/chips" "^5.1.0"
    "@material/data-table" "^5.1.0"
    "@material/dialog" "^5.1.0"
    "@material/drawer" "^5.1.0"
    "@material/fab" "^5.1.0"
    "@material/form-field" "^5.1.0"
    "@material/icon-button" "^5.1.0"
    "@material/image-list" "^5.1.0"
    "@material/linear-progress" "^5.1.0"
    "@material/list" "^5.1.0"
    "@material/menu" "^5.1.0"
    "@material/radio" "^5.1.0"
    "@material/ripple" "^5.1.0"
    "@material/select" "^5.1.0"
    "@material/slider" "^5.1.0"
    "@material/snackbar" "^5.1.0"
    "@material/switch" "^5.1.0"
    "@material/tab" "^5.1.0"
    "@material/tab-bar" "^5.1.0"
    "@material/tab-indicator" "^5.1.0"
    "@material/tab-scroller" "^5.1.0"
    "@material/textfield" "^5.1.0"
    "@material/typography" "^5.1.0"
    "@stencil/core" "2.0.3"
    autosize "^4.0.2"
    classnames "^2.2.6"
    currency.js "^1.2.2"
    flatpickr "^4.4.6"
    highlight.js "^9.18.1"
    tippy.js "^6.2.3"
    typeface-lato "^0.0.75"

"@material/animation@^5.1.0":
  version "5.1.0"
  resolved "https://registry.yarnpkg.com/@material/animation/-/animation-5.1.0.tgz#f2d2ffe346f2612bb40d9e8bfb976290b91173f7"
  integrity sha512-qZuPCZkTsCQCzx5EtY2eNBcmYOMGMbFVq6VTmvQztDCYDykT8JfP8Hpk55Y5bGORHvBbIasUXzoAhfQs6w/Bdg==
  dependencies:
    tslib "^1.9.3"

"@material/base@^5.1.0":
  version "5.1.0"
  resolved "https://registry.yarnpkg.com/@material/base/-/base-5.1.0.tgz#bd252eb3674c27c1ce690ad98905b4b1d39da30a"
  integrity sha512-UxVFKpSNaoKqd7hHxy9hrvwANp0WJy/BZqu8Rj/aRvKnBZnuHehFuOysI9WqdeTqgveJaQoj6EEkVEqLurR5Sg==
  dependencies:
    tslib "^1.9.3"

"@material/button@^5.1.0":
  version "5.1.0"
  resolved "https://registry.yarnpkg.com/@material/button/-/button-5.1.0.tgz#22986368ce12faad142ba01c4aeb42f6a380dffb"
  integrity sha512-umeuIEbeRRd0cY+5axhrBoM0dvJ4YfoTsUbKgz4ctFxHLBsgthFUIXSa3Ot15s284UP6kjslK0LCMqzhirZxeQ==
  dependencies:
    "@material/density" "^5.1.0"
    "@material/elevation" "^5.1.0"
    "@material/feature-targeting" "^5.1.0"
    "@material/ripple" "^5.1.0"
    "@material/rtl" "^5.1.0"
    "@material/shape" "^5.1.0"
    "@material/theme" "^5.1.0"
    "@material/touch-target" "^5.1.0"
    "@material/typography" "^5.1.0"

"@material/card@^5.1.0":
  version "5.1.0"
  resolved "https://registry.yarnpkg.com/@material/card/-/card-5.1.0.tgz#db3e0b52b09e832cb39f81e9384b792e33c24104"
  integrity sha512-/syao6oR/PAvzs04quybeCWHZVn4W2dNnxIOWIJTRQced0/o3gYrHgQSX+edC+6pEnSr3Drwbo2cye7nRdbixA==
  dependencies:
    "@material/elevation" "^5.1.0"
    "@material/feature-targeting" "^5.1.0"
    "@material/ripple" "^5.1.0"
    "@material/rtl" "^5.1.0"
    "@material/shape" "^5.1.0"
    "@material/theme" "^5.1.0"

"@material/checkbox@^5.1.0":
  version "5.1.0"
  resolved "https://registry.yarnpkg.com/@material/checkbox/-/checkbox-5.1.0.tgz#2f689f6a409f0ed906a0d73bcd0078a768eaf9d1"
  integrity sha512-NwpWxFdWrZNlSjcSEEcGz8UN7ZQ5k8VthExclJnawpYGPUnCPLTXWogREnA2Tyl22PJ6jOy8Ejb8tnpu2rSiaw==
  dependencies:
    "@material/animation" "^5.1.0"
    "@material/base" "^5.1.0"
    "@material/density" "^5.1.0"
    "@material/dom" "^5.1.0"
    "@material/feature-targeting" "^5.1.0"
    "@material/ripple" "^5.1.0"
    "@material/theme" "^5.1.0"
    "@material/touch-target" "^5.1.0"
    tslib "^1.9.3"

"@material/chips@^5.1.0":
  version "5.1.0"
  resolved "https://registry.yarnpkg.com/@material/chips/-/chips-5.1.0.tgz#8bbd5b2be3300a9453cf6edd9186a7c0aa757ace"
  integrity sha512-eYWrobENtXbnGoEx5BEURqoCfoc9aHu1JWq64mF12a/JSk+c035KYMjD4oyhow7dYqobbfQlWWdLQeHoRpYCeA==
  dependencies:
    "@material/animation" "^5.1.0"
    "@material/base" "^5.1.0"
    "@material/checkbox" "^5.1.0"
    "@material/density" "^5.1.0"
    "@material/dom" "^5.1.0"
    "@material/elevation" "^5.1.0"
    "@material/feature-targeting" "^5.1.0"
    "@material/ripple" "^5.1.0"
    "@material/rtl" "^5.1.0"
    "@material/shape" "^5.1.0"
    "@material/theme" "^5.1.0"
    "@material/touch-target" "^5.1.0"
    "@material/typography" "^5.1.0"
    tslib "^1.9.3"

"@material/data-table@^5.1.0":
  version "5.1.0"
  resolved "https://registry.yarnpkg.com/@material/data-table/-/data-table-5.1.0.tgz#4c15a0a18f7ee6d8dba77e435d4fbe064fe1f009"
  integrity sha512-vjijTvCHM7sfyPzQ05026nSWT1Bn/3lfj1u0oeYRnym6Ke6Os36x+IF/jFhjsraXKb2we6cof7OdoMFHCU8cqQ==
  dependencies:
    "@material/animation" "^5.1.0"
    "@material/base" "^5.1.0"
    "@material/checkbox" "^5.1.0"
    "@material/density" "^5.1.0"
    "@material/dom" "^5.1.0"
    "@material/elevation" "^5.1.0"
    "@material/feature-targeting" "^5.1.0"
    "@material/rtl" "^5.1.0"
    "@material/shape" "^5.1.0"
    "@material/theme" "^5.1.0"
    "@material/typography" "^5.1.0"
    tslib "^1.10.0"

"@material/density@^5.1.0":
  version "5.1.0"
  resolved "https://registry.yarnpkg.com/@material/density/-/density-5.1.0.tgz#d36512d413a00595122f98303766dae6b9e9fabe"
  integrity sha512-jmp6AgiNYosl+HicxWCa8vib9pg9tNxRcf+6f9LDkDYJ9jtO90PXuypyd0hO64JZ9Df7BywFj5hTWPERG1FBbw==

"@material/dialog@^5.1.0":
  version "5.1.0"
  resolved "https://registry.yarnpkg.com/@material/dialog/-/dialog-5.1.0.tgz#3ea64b22b728e1e1251aaf0bb4b4a675aad73785"
  integrity sha512-CxA0W0uzXuwJNivB6Gbb7DvtJL3+J7ghsaSL1HfycXVXfdrT1nSidLyOIthRMVBUBJrAMfusvtzFDgXr0TWqDg==
  dependencies:
    "@material/animation" "^5.1.0"
    "@material/base" "^5.1.0"
    "@material/button" "^5.1.0"
    "@material/dom" "^5.1.0"
    "@material/elevation" "^5.1.0"
    "@material/feature-targeting" "^5.1.0"
    "@material/ripple" "^5.1.0"
    "@material/rtl" "^5.1.0"
    "@material/shape" "^5.1.0"
    "@material/theme" "^5.1.0"
    "@material/touch-target" "^5.1.0"
    "@material/typography" "^5.1.0"
    tslib "^1.9.3"

"@material/dom@^5.1.0":
  version "5.1.0"
  resolved "https://registry.yarnpkg.com/@material/dom/-/dom-5.1.0.tgz#fefb96e1f744653dfc3ecdb01f7ebef81ce1faeb"
  integrity sha512-tBbl3hG34Auv+2sboWhtstXeZ9rx3G7hb/jEXs5xZ5KIfZHwY4mbo0KqR/fSJZKaUsvk2Nc/UEOVcUx2mTNmYg==
  dependencies:
    tslib "^1.9.3"

"@material/drawer@^5.1.0":
  version "5.1.0"
  resolved "https://registry.yarnpkg.com/@material/drawer/-/drawer-5.1.0.tgz#027a6ad85637b999b4301c9df09513c18d8b4269"
  integrity sha512-Xh/kYkT8QWWXkbCI25ys6av0wrc0wXRfvnRdH34Rz4sZvWC51D6apK2bxGr+AV/uR88zwn6U8pb9cccnr+2Eqw==
  dependencies:
    "@material/animation" "^5.1.0"
    "@material/base" "^5.1.0"
    "@material/dom" "^5.1.0"
    "@material/elevation" "^5.1.0"
    "@material/feature-targeting" "^5.1.0"
    "@material/list" "^5.1.0"
    "@material/ripple" "^5.1.0"
    "@material/rtl" "^5.1.0"
    "@material/shape" "^5.1.0"
    "@material/theme" "^5.1.0"
    "@material/typography" "^5.1.0"
    tslib "^1.9.3"

"@material/elevation@^5.1.0":
  version "5.1.0"
  resolved "https://registry.yarnpkg.com/@material/elevation/-/elevation-5.1.0.tgz#569065f858dd1dfb83d3ba4951ed6e449da1d545"
  integrity sha512-NsWIT+L6x3BLouCOh3H8x885/nCrNNmzCwHEodz/0PcYQsxx9RiIVFkagmJWw/w//jej/D4NotD0xHGKOWTrFA==
  dependencies:
    "@material/animation" "^5.1.0"
    "@material/base" "^5.1.0"
    "@material/feature-targeting" "^5.1.0"
    "@material/theme" "^5.1.0"

"@material/fab@^5.1.0":
  version "5.1.0"
  resolved "https://registry.yarnpkg.com/@material/fab/-/fab-5.1.0.tgz#4a38fd4d7579f5b7aea6c8d2b60cb3ded77945d3"
  integrity sha512-mq9I0l4hnsMS+Ko/W7e5A8epElIp3H0UFGJzMlZX5VJBWBpfnykj7fLYnVWtyJ+zFgdLv6rpO/307Kto7gi5Pg==
  dependencies:
    "@material/animation" "^5.1.0"
    "@material/elevation" "^5.1.0"
    "@material/feature-targeting" "^5.1.0"
    "@material/ripple" "^5.1.0"
    "@material/rtl" "^5.1.0"
    "@material/shape" "^5.1.0"
    "@material/theme" "^5.1.0"
    "@material/touch-target" "^5.1.0"
    "@material/typography" "^5.1.0"

"@material/feature-targeting@^5.1.0":
  version "5.1.0"
  resolved "https://registry.yarnpkg.com/@material/feature-targeting/-/feature-targeting-5.1.0.tgz#49265bbd4ff59b1cd20a385b5547f7c246cb1955"
  integrity sha512-z3JNWF7lP9WOzw1xBwul/HAOu4qC6EpK/8MkhjLNI9APvdYML82PWS1V0k0MiqA6Jk6uxm8DiVAk9VUqBa9/YA==

"@material/floating-label@^5.1.0":
  version "5.1.0"
  resolved "https://registry.yarnpkg.com/@material/floating-label/-/floating-label-5.1.0.tgz#8d654b3f2ca98248e5a73a63feec8f4523c5ab4f"
  integrity sha512-5EwPiBa5A4Q678tNWdkkBGDdSCDzudhVgBtRiA/7xRo4dHXiBxX5bhE+RHrF3ZQyEf6fsShspqwAFkTA1EaplQ==
  dependencies:
    "@material/animation" "^5.1.0"
    "@material/base" "^5.1.0"
    "@material/dom" "^5.1.0"
    "@material/feature-targeting" "^5.1.0"
    "@material/rtl" "^5.1.0"
    "@material/theme" "^5.1.0"
    "@material/typography" "^5.1.0"
    tslib "^1.9.3"

"@material/form-field@^5.1.0":
  version "5.1.0"
  resolved "https://registry.yarnpkg.com/@material/form-field/-/form-field-5.1.0.tgz#91bf81cb4647d655b7459df0aa19060189f55564"
  integrity sha512-gF2YoeCd41fIM7U1v3psEqiUdwbylbzb6BuvmcKmH0OQBP6lnRbLSbgKWldcHx2VyKTdqusu/bv6/NAe/98QiQ==
  dependencies:
    "@material/base" "^5.1.0"
    "@material/feature-targeting" "^5.1.0"
    "@material/ripple" "^5.1.0"
    "@material/rtl" "^5.1.0"
    "@material/theme" "^5.1.0"
    "@material/typography" "^5.1.0"
    tslib "^1.9.3"

"@material/icon-button@^5.1.0":
  version "5.1.0"
  resolved "https://registry.yarnpkg.com/@material/icon-button/-/icon-button-5.1.0.tgz#224c5607ca272feac41ec223816ee1233fb2b018"
  integrity sha512-HLdSkqDH1wx5YSBHz8dGEL2BKv8IDqhRul7wea9i9/3RcQz3hb5+OYpq8iiXqpxcVPVlWNud2w1oyvmEXRTdZQ==
  dependencies:
    "@material/base" "^5.1.0"
    "@material/density" "^5.1.0"
    "@material/feature-targeting" "^5.1.0"
    "@material/ripple" "^5.1.0"
    "@material/theme" "^5.1.0"
    tslib "^1.9.3"

"@material/image-list@^5.1.0":
  version "5.1.0"
  resolved "https://registry.yarnpkg.com/@material/image-list/-/image-list-5.1.0.tgz#d7ef3896dc69d1a1be52ccf4c8a39a8240b45cf2"
  integrity sha512-LFl7W8AFp2baFY38BBGVX5C6c/zZoPOsHsRMhVP8jvIH5q1BfUg6SaXkleos6Yxmy+18hdPnVuWdAQ38hhje8Q==
  dependencies:
    "@material/feature-targeting" "^5.1.0"
    "@material/shape" "^5.1.0"
    "@material/theme" "^5.1.0"
    "@material/typography" "^5.1.0"

"@material/line-ripple@^5.1.0":
  version "5.1.0"
  resolved "https://registry.yarnpkg.com/@material/line-ripple/-/line-ripple-5.1.0.tgz#86cb1b8a91bf010231109211b8eb38ad059f5f23"
  integrity sha512-esf2/ROZl1eVpyGCWPvxMSGVkuIOG5Fm6qufOLp7XIx5IL1O0bsm+bV6cVC4JCCtmNOag4GOBgkKKbkOvp/R6g==
  dependencies:
    "@material/animation" "^5.1.0"
    "@material/base" "^5.1.0"
    "@material/feature-targeting" "^5.1.0"
    "@material/theme" "^5.1.0"
    tslib "^1.9.3"

"@material/linear-progress@^5.1.0":
  version "5.1.0"
  resolved "https://registry.yarnpkg.com/@material/linear-progress/-/linear-progress-5.1.0.tgz#e1d9c0f65f19588845c2f30370545441c9fe505a"
  integrity sha512-wuBH2Y7psdiG5ubsKCHFWriHv4IqLeUARCmHoHyFsAdW0snwMPzSgb2mbVDiGl5gjWbSDxBsqGjKo5kOl3Vaug==
  dependencies:
    "@material/animation" "^5.1.0"
    "@material/base" "^5.1.0"
    "@material/feature-targeting" "^5.1.0"
    "@material/progress-indicator" "^5.1.0"
    "@material/theme" "^5.1.0"
    tslib "^1.9.3"

"@material/list@^5.1.0":
  version "5.1.0"
  resolved "https://registry.yarnpkg.com/@material/list/-/list-5.1.0.tgz#04c010e393c88c7da2091426fd12b8206585c37e"
  integrity sha512-fcHMJLmmtFYeMU8CO9VsXoRRm3/2jhPVMWK3lpuARZxvkNyZqjQG0mGtpWgw4oekerM/B37TGGFmN3R5DSyGcg==
  dependencies:
    "@material/base" "^5.1.0"
    "@material/density" "^5.1.0"
    "@material/dom" "^5.1.0"
    "@material/feature-targeting" "^5.1.0"
    "@material/ripple" "^5.1.0"
    "@material/rtl" "^5.1.0"
    "@material/shape" "^5.1.0"
    "@material/theme" "^5.1.0"
    "@material/typography" "^5.1.0"
    tslib "^1.9.3"

"@material/menu-surface@^5.1.0":
  version "5.1.0"
  resolved "https://registry.yarnpkg.com/@material/menu-surface/-/menu-surface-5.1.0.tgz#008dc61e79f73deec3e56b9fdbba164ccec13759"
  integrity sha512-8EqkrKP92O4xaPVItz2841OfmuH3zyCclU1iC0NSBa39MwmYt7ML3IEaOXwOzKlcNGOcC7qPeqcpYlUsfMYX3g==
  dependencies:
    "@material/animation" "^5.1.0"
    "@material/base" "^5.1.0"
    "@material/elevation" "^5.1.0"
    "@material/feature-targeting" "^5.1.0"
    "@material/rtl" "^5.1.0"
    "@material/shape" "^5.1.0"
    "@material/theme" "^5.1.0"
    tslib "^1.9.3"

"@material/menu@^5.1.0":
  version "5.1.0"
  resolved "https://registry.yarnpkg.com/@material/menu/-/menu-5.1.0.tgz#28794c1be742a227e1e20f3bdddc896178890ebe"
  integrity sha512-ssJNcbdyLewgL7hnj4C7JeXO3GvV4G2i1//Ych2s+au7AcJ/6/YeTTKhiCkoSpS7pb7axB3dMKwQWor2glec5Q==
  dependencies:
    "@material/base" "^5.1.0"
    "@material/dom" "^5.1.0"
    "@material/elevation" "^5.1.0"
    "@material/feature-targeting" "^5.1.0"
    "@material/list" "^5.1.0"
    "@material/menu-surface" "^5.1.0"
    "@material/ripple" "^5.1.0"
    "@material/rtl" "^5.1.0"
    "@material/theme" "^5.1.0"
    tslib "^1.9.3"

"@material/notched-outline@^5.1.0":
  version "5.1.0"
  resolved "https://registry.yarnpkg.com/@material/notched-outline/-/notched-outline-5.1.0.tgz#4ec97001ed6bbb66f04100b7745ae99d19a4d16e"
  integrity sha512-mQ3NjJR1jLXnJi6jhs20ftTf0yU1gWpYlyx1GizU0f7pLEqcIrFnw6G+pavcnKqP+JXNkzAQeGbmZvYBQnxokA==
  dependencies:
    "@material/base" "^5.1.0"
    "@material/feature-targeting" "^5.1.0"
    "@material/floating-label" "^5.1.0"
    "@material/rtl" "^5.1.0"
    "@material/shape" "^5.1.0"
    "@material/theme" "^5.1.0"
    tslib "^1.9.3"

"@material/progress-indicator@^5.1.0":
  version "5.1.0"
  resolved "https://registry.yarnpkg.com/@material/progress-indicator/-/progress-indicator-5.1.0.tgz#d7885c4d2de7d3c9c0951bf19cc4bb6344d75cab"
  integrity sha512-+bsiQogKFu42Td8cXpsxX1u2BOyB4erR6NBWMrSWZJNmKM95EFQrQEnr9nxfU94bY47V3UqYtcAY9Y6GgfJyZQ==
  dependencies:
    tslib "^1.9.3"

"@material/radio@^5.1.0":
  version "5.1.0"
  resolved "https://registry.yarnpkg.com/@material/radio/-/radio-5.1.0.tgz#4220369fe89c2cee8a9549b505d857a6efc6108c"
  integrity sha512-srAchlY1TKkmQAdMHqbP9vLkN7gmiWX6FGzArgKomd6Es8OqF2P3jvPcQizqz4OFYZIMrxARdW6r8QvhG0lZEg==
  dependencies:
    "@material/animation" "^5.1.0"
    "@material/base" "^5.1.0"
    "@material/density" "^5.1.0"
    "@material/dom" "^5.1.0"
    "@material/feature-targeting" "^5.1.0"
    "@material/ripple" "^5.1.0"
    "@material/theme" "^5.1.0"
    "@material/touch-target" "^5.1.0"
    tslib "^1.9.3"

"@material/ripple@^5.1.0":
  version "5.1.0"
  resolved "https://registry.yarnpkg.com/@material/ripple/-/ripple-5.1.0.tgz#6624e0ff7718d6bfa65fecd0bca4c03d2696c07b"
  integrity sha512-mluIf+HaaCplszp9/MAl178FpfIJWi5hSyQOpF7w8RTzRSaH8J0uwgmn8VeNnwe1TAWio0vQzHrz4iEg2r7Ngw==
  dependencies:
    "@material/animation" "^5.1.0"
    "@material/base" "^5.1.0"
    "@material/dom" "^5.1.0"
    "@material/feature-targeting" "^5.1.0"
    "@material/theme" "^5.1.0"
    tslib "^1.9.3"

"@material/rtl@^5.1.0":
  version "5.1.0"
  resolved "https://registry.yarnpkg.com/@material/rtl/-/rtl-5.1.0.tgz#abd8c2bb5322b8fbe549e2f467791612720da746"
  integrity sha512-Hij4KJIfjK63HArdQ3K1INMo0MbigDgL0JhjO1VDk5c+iYmYpjDI7wgPLmV5ISCBtenXRWpo1xbBO3uEmtCd4Q==

"@material/select@^5.1.0":
  version "5.1.0"
  resolved "https://registry.yarnpkg.com/@material/select/-/select-5.1.0.tgz#c6106e3e4f27f3670be089ceddb030aead936ffc"
  integrity sha512-AAXscWDMjpVfO91VYKhxdP8XTyZ6fJFNFEgL0lxccvRqU8qFt5cPQ+7W1IgMWYdrnvHhANa8DLTrpnepSq4irQ==
  dependencies:
    "@material/animation" "^5.1.0"
    "@material/base" "^5.1.0"
    "@material/floating-label" "^5.1.0"
    "@material/line-ripple" "^5.1.0"
    "@material/menu" "^5.1.0"
    "@material/menu-surface" "^5.1.0"
    "@material/notched-outline" "^5.1.0"
    "@material/ripple" "^5.1.0"
    "@material/rtl" "^5.1.0"
    "@material/shape" "^5.1.0"
    "@material/theme" "^5.1.0"
    "@material/typography" "^5.1.0"
    tslib "^1.9.3"

"@material/shape@^5.1.0":
  version "5.1.0"
  resolved "https://registry.yarnpkg.com/@material/shape/-/shape-5.1.0.tgz#155d01c6fdc90a9225fef297fe146c1946a6c147"
  integrity sha512-/k27T9fhQ1zj7VCsS26nv0TzsOi142ncik2mycEXq8753PDBotob7Y19pbwivwt9QxkglhMGH0EaWdZPzBoQXw==
  dependencies:
    "@material/feature-targeting" "^5.1.0"
    "@material/rtl" "^5.1.0"

"@material/slider@^5.1.0":
  version "5.1.0"
  resolved "https://registry.yarnpkg.com/@material/slider/-/slider-5.1.0.tgz#93d2dee500752a0e85af497848260042219408e4"
  integrity sha512-3+0kIgqowmUK0AXOC0jvR+8fqFJobdWuthfbuYBV+PFGBa9+zUow6Txf/yrhtCeQ01FHXw2iNeEFXSws+MYP9w==
  dependencies:
    "@material/animation" "^5.1.0"
    "@material/base" "^5.1.0"
    "@material/dom" "^5.1.0"
    "@material/feature-targeting" "^5.1.0"
    "@material/rtl" "^5.1.0"
    "@material/theme" "^5.1.0"
    "@material/typography" "^5.1.0"
    tslib "^1.9.3"

"@material/snackbar@^5.1.0":
  version "5.1.0"
  resolved "https://registry.yarnpkg.com/@material/snackbar/-/snackbar-5.1.0.tgz#f5a075cebc314f5d3fbe887c7d2231c9587e9d9d"
  integrity sha512-bn6WydEGKZxq24aZ6BfnLGPbhCww2srOe+mn2W9VJFBfZEh9qnCcya2jHs295pPbzRtDM1b2oR2LiAKBfIBt3A==
  dependencies:
    "@material/animation" "^5.1.0"
    "@material/base" "^5.1.0"
    "@material/button" "^5.1.0"
    "@material/dom" "^5.1.0"
    "@material/elevation" "^5.1.0"
    "@material/feature-targeting" "^5.1.0"
    "@material/icon-button" "^5.1.0"
    "@material/ripple" "^5.1.0"
    "@material/rtl" "^5.1.0"
    "@material/shape" "^5.1.0"
    "@material/theme" "^5.1.0"
    "@material/typography" "^5.1.0"
    tslib "^1.9.3"

"@material/switch@^5.1.0":
  version "5.1.0"
  resolved "https://registry.yarnpkg.com/@material/switch/-/switch-5.1.0.tgz#80894dbfdf799aa4220189f39fcd3100722df2b6"
  integrity sha512-cHFzquY8NINZIIaDdA+T3gwBR5V0lRORh6BNq4EBD69GiGQamoz1S8APr5ea1Sodt7Dm1yzkDRbbDO+yoNgR9g==
  dependencies:
    "@material/animation" "^5.1.0"
    "@material/base" "^5.1.0"
    "@material/density" "^5.1.0"
    "@material/dom" "^5.1.0"
    "@material/elevation" "^5.1.0"
    "@material/feature-targeting" "^5.1.0"
    "@material/ripple" "^5.1.0"
    "@material/rtl" "^5.1.0"
    "@material/theme" "^5.1.0"
    tslib "^1.9.3"

"@material/tab-bar@^5.1.0":
  version "5.1.0"
  resolved "https://registry.yarnpkg.com/@material/tab-bar/-/tab-bar-5.1.0.tgz#e3b4e959a04f3af76282e9a71204aad98a512e78"
  integrity sha512-zK1Fe+in5cjkNIQH3Z7NiKqz0hNWehgr5e8lO0MxAFoTRodxUw5OhM9rse18c42uW+fItTJeSpLdz7RceENpyw==
  dependencies:
    "@material/animation" "^5.1.0"
    "@material/base" "^5.1.0"
    "@material/density" "^5.1.0"
    "@material/feature-targeting" "^5.1.0"
    "@material/tab" "^5.1.0"
    "@material/tab-scroller" "^5.1.0"
    tslib "^1.9.3"

"@material/tab-indicator@^5.1.0":
  version "5.1.0"
  resolved "https://registry.yarnpkg.com/@material/tab-indicator/-/tab-indicator-5.1.0.tgz#1af7ce885bf2b64af4057acb3a736ae2b993b925"
  integrity sha512-vy/oBsvRQaQ2EscsgFp9xu7tZM6UBECmNxcC1k2eQGhNjy7olkoL9bX/ymiN4xAjQYqvP6BnC3LN3IywvKMTxQ==
  dependencies:
    "@material/animation" "^5.1.0"
    "@material/base" "^5.1.0"
    "@material/feature-targeting" "^5.1.0"
    "@material/theme" "^5.1.0"
    tslib "^1.9.3"

"@material/tab-scroller@^5.1.0":
  version "5.1.0"
  resolved "https://registry.yarnpkg.com/@material/tab-scroller/-/tab-scroller-5.1.0.tgz#7698b873526bc4a4a2baba415cbcf46db76fe996"
  integrity sha512-7b1Ea5tLc0A0iQEWYHXj8jfdJgYFMaaWjs9BOJyPBw7m2PyDnVwPGngPC5RqmxjDdyEeXbtDHsnMLZmjdT5g6A==
  dependencies:
    "@material/animation" "^5.1.0"
    "@material/base" "^5.1.0"
    "@material/dom" "^5.1.0"
    "@material/feature-targeting" "^5.1.0"
    "@material/tab" "^5.1.0"
    tslib "^1.9.3"

"@material/tab@^5.1.0":
  version "5.1.0"
  resolved "https://registry.yarnpkg.com/@material/tab/-/tab-5.1.0.tgz#1b91ce22218422a4c1a7c67d26e44c0971f0e1be"
  integrity sha512-awur1Yv2QjJ8ghNyZ/oF6MThxczGDdGqimrzcgS0wI04sg2eTiU5Ed6KV3VILVsD9fA8kKR/e5XEh0CXjqhUYQ==
  dependencies:
    "@material/base" "^5.1.0"
    "@material/feature-targeting" "^5.1.0"
    "@material/ripple" "^5.1.0"
    "@material/rtl" "^5.1.0"
    "@material/tab-indicator" "^5.1.0"
    "@material/theme" "^5.1.0"
    "@material/typography" "^5.1.0"
    tslib "^1.9.3"

"@material/textfield@^5.1.0":
  version "5.1.0"
  resolved "https://registry.yarnpkg.com/@material/textfield/-/textfield-5.1.0.tgz#75f68c62dc916116330a4c958ba3866c87bd6002"
  integrity sha512-Vipvw75AXj4G/BGXv3DyrGozbvHxGtcNGig1e5pz1ERvcmZN5epLyGStznxEIZYNf0Q+6O/NwSRxZGgrdI2w8w==
  dependencies:
    "@material/animation" "^5.1.0"
    "@material/base" "^5.1.0"
    "@material/density" "^5.1.0"
    "@material/dom" "^5.1.0"
    "@material/feature-targeting" "^5.1.0"
    "@material/floating-label" "^5.1.0"
    "@material/line-ripple" "^5.1.0"
    "@material/notched-outline" "^5.1.0"
    "@material/ripple" "^5.1.0"
    "@material/rtl" "^5.1.0"
    "@material/shape" "^5.1.0"
    "@material/theme" "^5.1.0"
    "@material/typography" "^5.1.0"
    tslib "^1.9.3"

"@material/theme@^5.1.0":
  version "5.1.0"
  resolved "https://registry.yarnpkg.com/@material/theme/-/theme-5.1.0.tgz#013c37d055afc5d4045c77e44c9fd1f940ff865b"
  integrity sha512-VoaCYAubn/oEG1/fu/yP4nxAw8sLEphFOGGBJxcPGQoLgQ9qcvibsV3G5H9S6AtmhJxgSGU0JnO9TaiuhQq5zA==
  dependencies:
    "@material/feature-targeting" "^5.1.0"

"@material/touch-target@^5.1.0":
  version "5.1.0"
  resolved "https://registry.yarnpkg.com/@material/touch-target/-/touch-target-5.1.0.tgz#0e03ba901acf118c91eb4cfa02034964424565a2"
  integrity sha512-lR3eoL1D0I/hyEK6I7bMFDBy/pE0yYvjYUZtL1vC7+2i54A4FgQ2hwnpQJVaZQXzrHdj6xsXmODphmUsH5gqPA==
  dependencies:
    "@material/base" "^5.1.0"
    "@material/feature-targeting" "^5.1.0"

"@material/typography@^5.1.0":
  version "5.1.0"
  resolved "https://registry.yarnpkg.com/@material/typography/-/typography-5.1.0.tgz#b346f4139b231f17c84c439a1c7af311c40c5844"
  integrity sha512-yh02koa6JLyPT5u7Zb31kyqhoZoppL0n9FmZK+eHXZcfeDF7ROL0UmtRsEjQxfnCNZRR+FIhAgrzdYxClwH05g==
  dependencies:
    "@material/feature-targeting" "^5.1.0"
    "@material/theme" "^5.1.0"

"@popperjs/core@^2.4.4":
  version "2.5.3"
  resolved "https://registry.yarnpkg.com/@popperjs/core/-/core-2.5.3.tgz#4982b0b66b7a4cf949b86f5d25a8cf757d3cfd9d"
  integrity sha512-RFwCobxsvZ6j7twS7dHIZQZituMIDJJNHS/qY6iuthVebxS3zhRY+jaC2roEKiAYaVuTcGmX6Luc6YBcf6zJVg==

"@stencil/core@2.0.3":
  version "2.0.3"
  resolved "https://registry.yarnpkg.com/@stencil/core/-/core-2.0.3.tgz#8719d3131362076a35b7a7c865de4720766f3f47"
  integrity sha512-d4qLDN7HKwJEK+ljhknD8azpM4bF49Dv7h5yG3RF+SPo8uozDq3p5ZNj1MgZoRgzh04kXNyG/MKnD8H2QN5YVw==

autosize@^4.0.2:
  version "4.0.2"
  resolved "https://registry.yarnpkg.com/autosize/-/autosize-4.0.2.tgz#073cfd07c8bf45da4b9fd153437f5bafbba1e4c9"
  integrity sha512-jnSyH2d+qdfPGpWlcuhGiHmqBJ6g3X+8T+iRwFrHPLVcdoGJE/x6Qicm6aDHfTsbgZKxyV8UU/YB2p4cjKDRRA==

classnames@^2.2.6:
  version "2.2.6"
  resolved "https://registry.yarnpkg.com/classnames/-/classnames-2.2.6.tgz#43935bffdd291f326dad0a205309b38d00f650ce"
  integrity sha512-JR/iSQOSt+LQIWwrwEzJ9uk0xfN3mTVYMwt1Ir5mUcSN6pU+V4zQFFaJsclJbPuAUQH+yfWef6tm7l1quW3C8Q==

currency.js@^1.2.2:
  version "1.2.2"
  resolved "https://registry.yarnpkg.com/currency.js/-/currency.js-1.2.2.tgz#ae84daf68798051097ad3feb2d022ad08994f526"
  integrity sha512-trMkXtHpIFq2P+PcSml3La/jpwo8shy2Xn/b5mBXoJhx3E4m3wBbdjS8eHy/DWgYKaEUH8EXPC6yomFx+zumww==

flatpickr@^4.4.6:
  version "4.6.6"
  resolved "https://registry.yarnpkg.com/flatpickr/-/flatpickr-4.6.6.tgz#34d2ad80adfa34254e62583a34264d472f1038d6"
  integrity sha512-EZ48CJMttMg3maMhJoX+GvTuuEhX/RbA1YeuI19attP3pwBdbYy6+yqAEVm0o0hSBFYBiLbVxscLW6gJXq6H3A==

highlight.js@^9.18.1:
  version "9.18.3"
  resolved "https://registry.yarnpkg.com/highlight.js/-/highlight.js-9.18.3.tgz#a1a0a2028d5e3149e2380f8a865ee8516703d634"
  integrity sha512-zBZAmhSupHIl5sITeMqIJnYCDfAEc3Gdkqj65wC1lpI468MMQeeQkhcIAvk+RylAkxrCcI9xy9piHiXeQ1BdzQ==

tippy.js@^6.2.3:
  version "6.2.7"
  resolved "https://registry.yarnpkg.com/tippy.js/-/tippy.js-6.2.7.tgz#62fb34eda23f7d78151ddca922b62818c1ab9869"
  integrity sha512-k+kWF9AJz5xLQHBi3K/XlmJiyu+p9gsCyc5qZhxxGaJWIW8SMjw1R+C7saUnP33IM8gUhDA2xX//ejRSwqR0tA==
  dependencies:
    "@popperjs/core" "^2.4.4"

tslib@^1.10.0, tslib@^1.9.3:
  version "1.14.1"
  resolved "https://registry.yarnpkg.com/tslib/-/tslib-1.14.1.tgz#cf2d38bdc34a134bcaf1091c41f6619e2f672d00"
  integrity sha512-Xni35NKzjgMrwevysHTCArtLDpPvye8zV/0E4EyYn43P7/7qvQwPh9BGkHewbMulVntbigmcT7rdX3BNo9wRJg==

typeface-lato@^0.0.75:
  version "0.0.75"
  resolved "https://registry.yarnpkg.com/typeface-lato/-/typeface-lato-0.0.75.tgz#8aa11c5611dc38416837c089b265a2abd1f7dd31"
  integrity sha512-iA5uJD4PSTyIE4BDiSOexQeXkDkiJuX4Hu3wh3saJ06EB2TvJayab1Lbbmqq2je/LQv7KCQZHZmC0k4hedd8sw==
