# THIS IS AN AUTOGENERATED FILE. DO NOT EDIT THIS FILE DIRECTLY.
# yarn lockfile v1


"@inovex.de/elements@^3.0.0":
  version "3.0.0"
  resolved "https://registry.npmjs.org/@inovex.de/elements/-/elements-3.0.0.tgz#554262e80af7575519d80ce38d9dbca0fece2b7e"
  integrity sha512-KmqJxlZfaHugqhnL0uxPjFahBn5QyxfpTxzGhx967fDdREhiYmg0us+OT/0xz22/myzIAZqZzGyhlU6NYqUZnw==
  dependencies:
    "@material/button" "^8.0.0"
    "@material/card" "^8.0.0"
    "@material/checkbox" "^8.0.0"
    "@material/chips" "^8.0.0"
    "@material/data-table" "^8.0.0"
    "@material/dialog" "^8.0.0"
    "@material/drawer" "^8.0.0"
    "@material/fab" "^8.0.0"
    "@material/form-field" "^8.0.0"
    "@material/icon-button" "^8.0.0"
    "@material/image-list" "^8.0.0"
    "@material/linear-progress" "^8.0.0"
    "@material/list" "^8.0.0"
    "@material/menu" "^8.0.0"
    "@material/radio" "^8.0.0"
    "@material/ripple" "^8.0.0"
    "@material/select" "^8.0.0"
    "@material/slider" "^8.0.0"
    "@material/snackbar" "^8.0.0"
    "@material/switch" "^8.0.0"
    "@material/tab" "^8.0.0"
    "@material/tab-bar" "^8.0.0"
    "@material/tab-indicator" "^8.0.0"
    "@material/tab-scroller" "^8.0.0"
    "@material/textfield" "^8.0.0"
    "@material/typography" "^8.0.0"
    "@stencil/core" "2.4.0"
    autosize "^4.0.2"
    classnames "^2.2.6"
    currency.js "^1.2.2"
    date-fns "^2.16.1"
    flatpickr "^4.4.6"
    tippy.js "^6.2.3"
    typeface-lato "^0.0.75"

"@material/animation@^8.0.0":
  version "8.0.0"
  resolved "https://registry.npmjs.org/@material/animation/-/animation-8.0.0.tgz#378634cd8c9ea295c9f77e49cda34c7ae486f57e"
  integrity sha512-4+rCFDcfJap62a/8luuq1fmMA+EdVMASD4CBd9cN4LNOc/OPzBkLqv0PHFTnmHu9Y9biHD94uyDsbEcvtyGr+Q==
  dependencies:
    tslib "^1.9.3"

"@material/base@^8.0.0":
  version "8.0.0"
  resolved "https://registry.npmjs.org/@material/base/-/base-8.0.0.tgz#d6223d955b8a1587698ba820fab3ddf6148ab2f9"
  integrity sha512-lLB3lv/A7TqqfqeVnoguv0NV+wpzM0KAVXj0jrtg2BtbxlOYjkfl4uySyOCLGxB0y4vTv1rSXB5i7Xn73+OQHg==
  dependencies:
    tslib "^1.9.3"

"@material/button@^8.0.0":
  version "8.0.0"
  resolved "https://registry.npmjs.org/@material/button/-/button-8.0.0.tgz#785b8eb7361e18f7e60c638f5c22d8527ba38181"
  integrity sha512-16s11brFwfpWvvJxMtOyUZ7J70TNclV37M4aRlQ1Cjxhk2IUQzeRSADpCl/NdNAZQHEIhrGl2oy21sQqaNhBKg==
  dependencies:
    "@material/density" "^8.0.0"
    "@material/elevation" "^8.0.0"
    "@material/feature-targeting" "^8.0.0"
    "@material/ripple" "^8.0.0"
    "@material/rtl" "^8.0.0"
    "@material/shape" "^8.0.0"
    "@material/theme" "^8.0.0"
    "@material/touch-target" "^8.0.0"
    "@material/typography" "^8.0.0"

"@material/card@^8.0.0":
  version "8.0.0"
  resolved "https://registry.npmjs.org/@material/card/-/card-8.0.0.tgz#695ae711229e979eafac889e7753531ee854df33"
  integrity sha512-mVpIuWtBCbuMtzSjjoaqjXa5h8tskp1vUaz4O4BhVdojE7m7oDp2/pa9AgADQALtqr9Q6ndtXdWhA4J9cFcRmA==
  dependencies:
    "@material/dom" "^8.0.0"
    "@material/elevation" "^8.0.0"
    "@material/feature-targeting" "^8.0.0"
    "@material/ripple" "^8.0.0"
    "@material/rtl" "^8.0.0"
    "@material/shape" "^8.0.0"
    "@material/theme" "^8.0.0"

"@material/checkbox@^8.0.0":
  version "8.0.0"
  resolved "https://registry.npmjs.org/@material/checkbox/-/checkbox-8.0.0.tgz#97cea98c4b4d728dadc0e658d7cd15badb184df1"
  integrity sha512-YKe8ZNlR5K2pBXH2elN8btsqptlSgGq2pkg6q6pXbVK7bL/+UUBiB4qSAZKz6T4JwDf+CdOAR3eJWPheEIOqqQ==
  dependencies:
    "@material/animation" "^8.0.0"
    "@material/base" "^8.0.0"
    "@material/density" "^8.0.0"
    "@material/dom" "^8.0.0"
    "@material/feature-targeting" "^8.0.0"
    "@material/ripple" "^8.0.0"
    "@material/theme" "^8.0.0"
    "@material/touch-target" "^8.0.0"
    tslib "^1.9.3"

"@material/chips@^8.0.0":
  version "8.0.0"
  resolved "https://registry.npmjs.org/@material/chips/-/chips-8.0.0.tgz#59168f864409311be67b4b7623b34dd673b14d10"
  integrity sha512-olPfOW5hU3bIbntgdyA+rFD2uATfS6LlC9Azt2hqb2Ky9KmcOxP29SJrHcb5ZpoPYirUNkB/GiCqR9sBwND0Aw==
  dependencies:
    "@material/animation" "^8.0.0"
    "@material/base" "^8.0.0"
    "@material/checkbox" "^8.0.0"
    "@material/density" "^8.0.0"
    "@material/dom" "^8.0.0"
    "@material/elevation" "^8.0.0"
    "@material/feature-targeting" "^8.0.0"
    "@material/ripple" "^8.0.0"
    "@material/rtl" "^8.0.0"
    "@material/shape" "^8.0.0"
    "@material/theme" "^8.0.0"
    "@material/touch-target" "^8.0.0"
    "@material/typography" "^8.0.0"
    tslib "^1.9.3"

"@material/data-table@^8.0.0":
  version "8.0.0"
  resolved "https://registry.npmjs.org/@material/data-table/-/data-table-8.0.0.tgz#b1366e7a32c27022c8598649c02a1cb67c955eb9"
  integrity sha512-RrR6MSDn4ZG/TpRN6+ZPne3uR0isK9DXUkquUxatNBT2DLb9Sro55L3GxaQLehRHoj2UcICO30UWYB/O8j+wvg==
  dependencies:
    "@material/animation" "^8.0.0"
    "@material/base" "^8.0.0"
    "@material/checkbox" "^8.0.0"
    "@material/density" "^8.0.0"
    "@material/dom" "^8.0.0"
    "@material/elevation" "^8.0.0"
    "@material/feature-targeting" "^8.0.0"
    "@material/icon-button" "^8.0.0"
    "@material/linear-progress" "^8.0.0"
    "@material/list" "^8.0.0"
    "@material/menu" "^8.0.0"
    "@material/rtl" "^8.0.0"
    "@material/select" "^8.0.0"
    "@material/shape" "^8.0.0"
    "@material/theme" "^8.0.0"
    "@material/touch-target" "^8.0.0"
    "@material/typography" "^8.0.0"
    tslib "^1.10.0"

"@material/density@^8.0.0":
  version "8.0.0"
  resolved "https://registry.npmjs.org/@material/density/-/density-8.0.0.tgz#f9dc87e5ea035134be5745b00a8bf440d05cca65"
  integrity sha512-44g0S8kZfVw02JfMCLQeYxbt143xiQvouR1mNKqC6+W+XhdBNS1IxKtk+kONiEIXVhb9JKnEp5zag+aC589RTw==

"@material/dialog@^8.0.0":
  version "8.0.0"
  resolved "https://registry.npmjs.org/@material/dialog/-/dialog-8.0.0.tgz#2ac754000f558650cad140504f4a11824d97e2c4"
  integrity sha512-zRCdg9APj3dbgAASFiBuTflKJ05sq3BJQfjyNcVuXYz4DW6ySnDTCHkq/XwQLfBx79QEFQ9R1GYK/vbr7WWrnA==
  dependencies:
    "@material/animation" "^8.0.0"
    "@material/base" "^8.0.0"
    "@material/button" "^8.0.0"
    "@material/dom" "^8.0.0"
    "@material/elevation" "^8.0.0"
    "@material/feature-targeting" "^8.0.0"
    "@material/ripple" "^8.0.0"
    "@material/rtl" "^8.0.0"
    "@material/shape" "^8.0.0"
    "@material/theme" "^8.0.0"
    "@material/touch-target" "^8.0.0"
    "@material/typography" "^8.0.0"
    tslib "^1.9.3"

"@material/dom@^8.0.0":
  version "8.0.0"
  resolved "https://registry.npmjs.org/@material/dom/-/dom-8.0.0.tgz#2bc70017d1608c3107a1a255066d2b727b7e605d"
  integrity sha512-Y+sGqsyeFEu2whqdQ++LzXwmoRzhG3nEiPPwtX/Fgqrfdy7nyG1tvLXT+P+PLMDM6xO/H5+yjPV5OLFpKJjiIg==
  dependencies:
    "@material/feature-targeting" "^8.0.0"
    tslib "^1.9.3"

"@material/drawer@^8.0.0":
  version "8.0.0"
  resolved "https://registry.npmjs.org/@material/drawer/-/drawer-8.0.0.tgz#654d459454a2ceb959d33c840e247203700d4a76"
  integrity sha512-vBeMgavv5aYgx1KQAFhlKr3W1+BGJoQQiNnPgDLtxBBkgfdaNxHo1DJz8cgYp1X6p3moRUqgzdKxAMj+pewL0g==
  dependencies:
    "@material/animation" "^8.0.0"
    "@material/base" "^8.0.0"
    "@material/dom" "^8.0.0"
    "@material/elevation" "^8.0.0"
    "@material/feature-targeting" "^8.0.0"
    "@material/list" "^8.0.0"
    "@material/ripple" "^8.0.0"
    "@material/rtl" "^8.0.0"
    "@material/shape" "^8.0.0"
    "@material/theme" "^8.0.0"
    "@material/typography" "^8.0.0"
    tslib "^1.9.3"

"@material/elevation@^8.0.0":
  version "8.0.0"
  resolved "https://registry.npmjs.org/@material/elevation/-/elevation-8.0.0.tgz#bbf945dbff312df1f0ff641ce1c306305e47bcaf"
  integrity sha512-DF/bdPv20jnKw35rIGbJmVTaNKA710hzdmI8G4TWrW/asMkxynEjJKQriyXkesLY+c1GP7qJDEhpV+xkQUrJLg==
  dependencies:
    "@material/animation" "^8.0.0"
    "@material/base" "^8.0.0"
    "@material/feature-targeting" "^8.0.0"
    "@material/theme" "^8.0.0"

"@material/fab@^8.0.0":
  version "8.0.0"
  resolved "https://registry.npmjs.org/@material/fab/-/fab-8.0.0.tgz#ddab596e9c52d3c530d68812e2f9a0842a28f196"
  integrity sha512-WwWD7eiKsiX/Ys+0q+/0mUxdPdgX3ol7kpQOaCjHwNsircpe4ntT/BjXsNvsEl/S2sBOy+fC6UCxsx/UP6Djcw==
  dependencies:
    "@material/animation" "^8.0.0"
    "@material/dom" "^8.0.0"
    "@material/elevation" "^8.0.0"
    "@material/feature-targeting" "^8.0.0"
    "@material/ripple" "^8.0.0"
    "@material/rtl" "^8.0.0"
    "@material/shape" "^8.0.0"
    "@material/theme" "^8.0.0"
    "@material/touch-target" "^8.0.0"
    "@material/typography" "^8.0.0"

"@material/feature-targeting@^8.0.0":
  version "8.0.0"
  resolved "https://registry.npmjs.org/@material/feature-targeting/-/feature-targeting-8.0.0.tgz#bf01d08157a87c3900f66c493f616e81e9017ebd"
  integrity sha512-xMJ9RmnOQCLPB6bD0xS0p6NF36vKNkjoPQt8aOoimtBlhSOba68+5jeX/qEQYZgOG4jf0SnWq833gAxx61Ni6g==

"@material/floating-label@^8.0.0":
  version "8.0.0"
  resolved "https://registry.npmjs.org/@material/floating-label/-/floating-label-8.0.0.tgz#c9e4b97dd7682c54784dfdb656de98782afdbb5f"
  integrity sha512-k8owllI0eTS3jRGSSALytdX5rvUSbNzK5rxZkdx81hRJ95oEYBuKyTgSPhiLjjpY2igtjO2amzfENLsHO9ABuA==
  dependencies:
    "@material/animation" "^8.0.0"
    "@material/base" "^8.0.0"
    "@material/dom" "^8.0.0"
    "@material/feature-targeting" "^8.0.0"
    "@material/rtl" "^8.0.0"
    "@material/theme" "^8.0.0"
    "@material/typography" "^8.0.0"
    tslib "^1.9.3"

"@material/form-field@^8.0.0":
  version "8.0.0"
  resolved "https://registry.npmjs.org/@material/form-field/-/form-field-8.0.0.tgz#580361c04127846e485c4263b514a5ff205efa3b"
  integrity sha512-VHmQ4QQRP/omLlc5kHRtP4GASg5Q+b3E3rz8r8XoJ6GqJamSHazCVpjcvIkpKxzDZaVTggLNxhlBCfRQ3VxuEQ==
  dependencies:
    "@material/base" "^8.0.0"
    "@material/feature-targeting" "^8.0.0"
    "@material/ripple" "^8.0.0"
    "@material/rtl" "^8.0.0"
    "@material/theme" "^8.0.0"
    "@material/typography" "^8.0.0"
    tslib "^1.9.3"

"@material/icon-button@^8.0.0":
  version "8.0.0"
  resolved "https://registry.npmjs.org/@material/icon-button/-/icon-button-8.0.0.tgz#d782e1e146edd50eb629ca7b25145273211ab466"
  integrity sha512-OcO2sw21ty7OzEQ+7tkYt5NGrrwwDuCvZegfL/eMUla1iQFYf/pZ+QCb1r3NEtbBJmsXzoBsDcUnaiM4PxFs3g==
  dependencies:
    "@material/base" "^8.0.0"
    "@material/density" "^8.0.0"
    "@material/feature-targeting" "^8.0.0"
    "@material/ripple" "^8.0.0"
    "@material/rtl" "^8.0.0"
    "@material/theme" "^8.0.0"
    tslib "^1.9.3"

"@material/image-list@^8.0.0":
  version "8.0.0"
  resolved "https://registry.npmjs.org/@material/image-list/-/image-list-8.0.0.tgz#14e951738b30ab591a6c7a9aeb9be447075f0115"
  integrity sha512-5WvCgaHtbqRwYR2tIUM3D5WYu1PkyodUOSQIfP5V+S6m/0AIFqy66PajRjvQzjQaeB1FCuimVwqp28CPDjukuA==
  dependencies:
    "@material/feature-targeting" "^8.0.0"
    "@material/shape" "^8.0.0"
    "@material/theme" "^8.0.0"
    "@material/typography" "^8.0.0"

"@material/line-ripple@^8.0.0":
  version "8.0.0"
  resolved "https://registry.npmjs.org/@material/line-ripple/-/line-ripple-8.0.0.tgz#8d424e0c65a391d27b938458fd05cde37b725211"
  integrity sha512-eShO/Xm7SWD9hpocIE+/+KWdYi4/dQEoTWyg7xZeLzbg70s+9cANLDE2+pkI8hsuMEhCTkC51XSOOBvTDSAZrQ==
  dependencies:
    "@material/animation" "^8.0.0"
    "@material/base" "^8.0.0"
    "@material/feature-targeting" "^8.0.0"
    "@material/theme" "^8.0.0"
    tslib "^1.9.3"

"@material/linear-progress@^8.0.0":
  version "8.0.0"
  resolved "https://registry.npmjs.org/@material/linear-progress/-/linear-progress-8.0.0.tgz#9816e3d6b39417e7d5f7b7291cb30a5dec1a2286"
  integrity sha512-EN1QxsLIxZ8boh3s8H8tpgksZ55nb090D2SrSxzAq/ANc/XW3Dka1VtnW++GI6gr7YJOma7vfFjnMDMa1gNgRQ==
  dependencies:
    "@material/animation" "^8.0.0"
    "@material/base" "^8.0.0"
    "@material/feature-targeting" "^8.0.0"
    "@material/progress-indicator" "^8.0.0"
    "@material/theme" "^8.0.0"
    tslib "^1.9.3"

"@material/list@^8.0.0":
  version "8.0.0"
  resolved "https://registry.npmjs.org/@material/list/-/list-8.0.0.tgz#3437d06f6180b035dad30c479bfa3d71dbdabd4c"
  integrity sha512-GlTNhyjpr9pNXnRKjLdt4+oNaHi51y1AcR4S14noSunZnd0DeMJ2yTe+56iDcA6OMpTIAefTtvWUqGrDnPEeVw==
  dependencies:
    "@material/base" "^8.0.0"
    "@material/density" "^8.0.0"
    "@material/dom" "^8.0.0"
    "@material/feature-targeting" "^8.0.0"
    "@material/ripple" "^8.0.0"
    "@material/rtl" "^8.0.0"
    "@material/shape" "^8.0.0"
    "@material/theme" "^8.0.0"
    "@material/typography" "^8.0.0"
    tslib "^1.9.3"

"@material/menu-surface@^8.0.0":
  version "8.0.0"
  resolved "https://registry.npmjs.org/@material/menu-surface/-/menu-surface-8.0.0.tgz#1e3cb6aa3091468b8ff7acdc1e8353db7bb32618"
  integrity sha512-oQxLi80GrNRQ8jHMi5qXw9S9eRB62Y6xWV8yfG8k4buTTg61iFx9GEUDDene2RslH9eyggVBKJ2K0ibdPp+ZpQ==
  dependencies:
    "@material/animation" "^8.0.0"
    "@material/base" "^8.0.0"
    "@material/elevation" "^8.0.0"
    "@material/feature-targeting" "^8.0.0"
    "@material/rtl" "^8.0.0"
    "@material/shape" "^8.0.0"
    "@material/theme" "^8.0.0"
    tslib "^1.9.3"

"@material/menu@^8.0.0":
  version "8.0.0"
  resolved "https://registry.npmjs.org/@material/menu/-/menu-8.0.0.tgz#62ea6e09c2f38acf7b3375adba0b6356878e2a16"
  integrity sha512-ucG+j9GC8uDwkqjDxMfP21bKuvbKx4ChB/UKBZd4PZrJWCvqdfuC6AJih57UGVcu+l6r59mpmhkvfGhEjehNew==
  dependencies:
    "@material/base" "^8.0.0"
    "@material/dom" "^8.0.0"
    "@material/elevation" "^8.0.0"
    "@material/feature-targeting" "^8.0.0"
    "@material/list" "^8.0.0"
    "@material/menu-surface" "^8.0.0"
    "@material/ripple" "^8.0.0"
    "@material/rtl" "^8.0.0"
    "@material/theme" "^8.0.0"
    tslib "^1.9.3"

"@material/notched-outline@^8.0.0":
  version "8.0.0"
  resolved "https://registry.npmjs.org/@material/notched-outline/-/notched-outline-8.0.0.tgz#95afcc1b588addb0922f6c07964e945e786f6dff"
  integrity sha512-5aNqLRoRfb5RJN7nOpUdo+xDZx6cTPzQwkXo9Fm6f2irWDPFd3qNQ1WGnKbY8r6KKo8wMarWkTRTAqmiWx/02g==
  dependencies:
    "@material/base" "^8.0.0"
    "@material/feature-targeting" "^8.0.0"
    "@material/floating-label" "^8.0.0"
    "@material/rtl" "^8.0.0"
    "@material/shape" "^8.0.0"
    "@material/theme" "^8.0.0"
    tslib "^1.9.3"

"@material/progress-indicator@^8.0.0":
  version "8.0.0"
  resolved "https://registry.npmjs.org/@material/progress-indicator/-/progress-indicator-8.0.0.tgz#b5bfff3fa181a0bda9c3ad10d747e08c7a34dfe8"
  integrity sha512-ZBVdi8lEYJLvn7VFfzWnfZx7J94PGAuj8wq0Rto0we44rGQR3fmVhKMx7B12V4Ip1hakPtk1eDKPJAIkqq0u/Q==
  dependencies:
    tslib "^1.9.3"

"@material/radio@^8.0.0":
  version "8.0.0"
  resolved "https://registry.npmjs.org/@material/radio/-/radio-8.0.0.tgz#012a68a4130904aa13621a2e3c2a0bdb4e93beae"
  integrity sha512-TthlhTB+a9XJXxdAydT+3zy1kHY1ATdLPQRy5fAYuY00smNYW584SftWV2avDNsqa8T+3/YvlvXWNQnCCfivyQ==
  dependencies:
    "@material/animation" "^8.0.0"
    "@material/base" "^8.0.0"
    "@material/density" "^8.0.0"
    "@material/dom" "^8.0.0"
    "@material/feature-targeting" "^8.0.0"
    "@material/ripple" "^8.0.0"
    "@material/theme" "^8.0.0"
    "@material/touch-target" "^8.0.0"
    tslib "^1.9.3"

"@material/ripple@^8.0.0":
  version "8.0.0"
  resolved "https://registry.npmjs.org/@material/ripple/-/ripple-8.0.0.tgz#478d99cf0126902842a2e0b291efba5ca785d601"
  integrity sha512-r6Ejin8Qp9e91kHdhfStfXf5I18l5ZuraQIegBqj20OLe7SdrpMaGA3e1g923e/wfDCYEX1sBUVerwVUFJ+rTQ==
  dependencies:
    "@material/animation" "^8.0.0"
    "@material/base" "^8.0.0"
    "@material/dom" "^8.0.0"
    "@material/feature-targeting" "^8.0.0"
    "@material/theme" "^8.0.0"
    tslib "^1.9.3"

"@material/rtl@^8.0.0":
  version "8.0.0"
  resolved "https://registry.npmjs.org/@material/rtl/-/rtl-8.0.0.tgz#8510e9c44391d62c8b1469940c1d7ee52137477d"
  integrity sha512-P7+22B+2r+ol5pnLvq7VUaZPJGBZeX2PpVwELE7J3IruN6SnOZyt1h2LZI/sEMuyQhKrNs8Cpq2PLnbgeQhBJQ==
  dependencies:
    "@material/theme" "^8.0.0"

"@material/select@^8.0.0":
  version "8.0.0"
  resolved "https://registry.npmjs.org/@material/select/-/select-8.0.0.tgz#f2502762e996723e56b6f4e0d9e77dcda6f739aa"
  integrity sha512-5ofZ6CbxIwrDzbEVRE60+8mYNce1TaUlnGs4WbauVKt60gquC9oYB5D9r27Q9Uqv5WlQvPL0vbTlRhAR7d1sYQ==
  dependencies:
    "@material/animation" "^8.0.0"
    "@material/base" "^8.0.0"
    "@material/density" "^8.0.0"
    "@material/dom" "^8.0.0"
    "@material/feature-targeting" "^8.0.0"
    "@material/floating-label" "^8.0.0"
    "@material/line-ripple" "^8.0.0"
    "@material/list" "^8.0.0"
    "@material/menu" "^8.0.0"
    "@material/menu-surface" "^8.0.0"
    "@material/notched-outline" "^8.0.0"
    "@material/ripple" "^8.0.0"
    "@material/rtl" "^8.0.0"
    "@material/shape" "^8.0.0"
    "@material/theme" "^8.0.0"
    "@material/typography" "^8.0.0"
    tslib "^1.9.3"

"@material/shape@^8.0.0":
  version "8.0.0"
  resolved "https://registry.npmjs.org/@material/shape/-/shape-8.0.0.tgz#aad7ccf3760e1f0e3dfe96904a8d5f1aa114a4ef"
  integrity sha512-VX8QtZkzC6bViTw9krDRgXaMQ+TVdSJSRs2W24V6G7FbYyVQqBreTkp8knAWJPWj68MsGVp1kRRvR6U8tB4GDg==
  dependencies:
    "@material/feature-targeting" "^8.0.0"
    "@material/rtl" "^8.0.0"
    "@material/theme" "^8.0.0"

"@material/slider@^8.0.0":
  version "8.0.0"
  resolved "https://registry.npmjs.org/@material/slider/-/slider-8.0.0.tgz#350b1caf17093094607d2be0cf1facb9a585c1d9"
  integrity sha512-AdqrIxe+K+Y3ukge/GQsPABVKCTBNDBAcxOCkuuuHza41Xn4a4DZG5J/fQZFt/a4t0ydLepyfIzemeAhHICEzw==
  dependencies:
    "@material/animation" "^8.0.0"
    "@material/base" "^8.0.0"
    "@material/dom" "^8.0.0"
    "@material/elevation" "^8.0.0"
    "@material/feature-targeting" "^8.0.0"
    "@material/ripple" "^8.0.0"
    "@material/rtl" "^8.0.0"
    "@material/theme" "^8.0.0"
    "@material/typography" "^8.0.0"
    tslib "^1.9.3"

"@material/snackbar@^8.0.0":
  version "8.0.0"
  resolved "https://registry.npmjs.org/@material/snackbar/-/snackbar-8.0.0.tgz#766169f70c428aa82044c79d04b2eeeeed401127"
  integrity sha512-VJA3C58o+b2PRpPsPrQ3dnS3S4L8NZ56Y9eEkOdaJ7mQUQqvYC3opYAT/MuawyGC9I7sUgscV7gHnYifm6JJHQ==
  dependencies:
    "@material/animation" "^8.0.0"
    "@material/base" "^8.0.0"
    "@material/button" "^8.0.0"
    "@material/dom" "^8.0.0"
    "@material/elevation" "^8.0.0"
    "@material/feature-targeting" "^8.0.0"
    "@material/icon-button" "^8.0.0"
    "@material/ripple" "^8.0.0"
    "@material/rtl" "^8.0.0"
    "@material/shape" "^8.0.0"
    "@material/theme" "^8.0.0"
    "@material/typography" "^8.0.0"
    tslib "^1.9.3"

"@material/switch@^8.0.0":
  version "8.0.0"
  resolved "https://registry.npmjs.org/@material/switch/-/switch-8.0.0.tgz#46b8dbefd98897a13975629152ce1bc1e1441dda"
  integrity sha512-ayz8zrbbmQcHhrbiu7E7AXJnGl8gS9S2KjQRpFybnKxJca77jMxLuMBzVHu6eoXmMa3otwIrcJDQbQrKD+UPDA==
  dependencies:
    "@material/animation" "^8.0.0"
    "@material/base" "^8.0.0"
    "@material/density" "^8.0.0"
    "@material/dom" "^8.0.0"
    "@material/elevation" "^8.0.0"
    "@material/feature-targeting" "^8.0.0"
    "@material/ripple" "^8.0.0"
    "@material/rtl" "^8.0.0"
    "@material/theme" "^8.0.0"
    tslib "^1.9.3"

"@material/tab-bar@^8.0.0":
  version "8.0.0"
  resolved "https://registry.npmjs.org/@material/tab-bar/-/tab-bar-8.0.0.tgz#bd15bf5aa5fc3efad65cc3a8a6fa44520c15b60d"
  integrity sha512-m2zl7wp9zGaFbUGBdksF9Wq3lSY21FNhpiIlNxrqCwTMdAYPOIvjYaQD/kW/bpHEjqu8Anqyr3ovP9XdnbA3uQ==
  dependencies:
    "@material/animation" "^8.0.0"
    "@material/base" "^8.0.0"
    "@material/density" "^8.0.0"
    "@material/feature-targeting" "^8.0.0"
    "@material/tab" "^8.0.0"
    "@material/tab-scroller" "^8.0.0"
    tslib "^1.9.3"

"@material/tab-indicator@^8.0.0":
  version "8.0.0"
  resolved "https://registry.npmjs.org/@material/tab-indicator/-/tab-indicator-8.0.0.tgz#5b2c55dab0c792bb7fdc7b0e30aa3391ee62a436"
  integrity sha512-2s3zjUtVvJ9pLP514mf83ZZFsy/CqNdwLE7ZU4sw27+ki1zqsgUmLPiWDAfmFyrN1Rvw2Tit3ZGuNJ7xFbAs3A==
  dependencies:
    "@material/animation" "^8.0.0"
    "@material/base" "^8.0.0"
    "@material/feature-targeting" "^8.0.0"
    "@material/theme" "^8.0.0"
    tslib "^1.9.3"

"@material/tab-scroller@^8.0.0":
  version "8.0.0"
  resolved "https://registry.npmjs.org/@material/tab-scroller/-/tab-scroller-8.0.0.tgz#68cbfbd1fd1bc49a5426d2e08a054c33eb4aa243"
  integrity sha512-fB/8lamANa/L3rNSkf7kB+GEnpH9vW1UQ9QtXe1K4Lr2UlCO1L3aV2HvOV53Ga4w25CcLUSypF3AxBzngb012Q==
  dependencies:
    "@material/animation" "^8.0.0"
    "@material/base" "^8.0.0"
    "@material/dom" "^8.0.0"
    "@material/feature-targeting" "^8.0.0"
    "@material/tab" "^8.0.0"
    tslib "^1.9.3"

"@material/tab@^8.0.0":
  version "8.0.0"
  resolved "https://registry.npmjs.org/@material/tab/-/tab-8.0.0.tgz#a4c79c43cd61d1f3681e5279b9d7c8a5d22855a0"
  integrity sha512-AQ/7EJpKG6Pz+s3XGwWXWZxEgjM6U3xZfKFgL8l8yGQtnyY24sJHbIrCmuS2HQ74DfkZg8FElovuSLOJ6yypVg==
  dependencies:
    "@material/base" "^8.0.0"
    "@material/feature-targeting" "^8.0.0"
    "@material/ripple" "^8.0.0"
    "@material/rtl" "^8.0.0"
    "@material/tab-indicator" "^8.0.0"
    "@material/theme" "^8.0.0"
    "@material/typography" "^8.0.0"
    tslib "^1.9.3"

"@material/textfield@^8.0.0":
  version "8.0.0"
  resolved "https://registry.npmjs.org/@material/textfield/-/textfield-8.0.0.tgz#82cb0204b8f9c3ad6ac1d667b1d749beaddbfc82"
  integrity sha512-Ec9T5gctPgy2mOnBr690aB2bYzfQblDRhfABNEMX41+Q9ywhzMrKGBCjyYiCzwOWTLOWxsXMXPfnTSkDq991yA==
  dependencies:
    "@material/animation" "^8.0.0"
    "@material/base" "^8.0.0"
    "@material/density" "^8.0.0"
    "@material/dom" "^8.0.0"
    "@material/feature-targeting" "^8.0.0"
    "@material/floating-label" "^8.0.0"
    "@material/line-ripple" "^8.0.0"
    "@material/notched-outline" "^8.0.0"
    "@material/ripple" "^8.0.0"
    "@material/rtl" "^8.0.0"
    "@material/shape" "^8.0.0"
    "@material/theme" "^8.0.0"
    "@material/typography" "^8.0.0"
    tslib "^1.9.3"

"@material/theme@^8.0.0":
  version "8.0.0"
  resolved "https://registry.npmjs.org/@material/theme/-/theme-8.0.0.tgz#b51ef4bd0ede5f3b0aaf4e1c2c9c051c08a69418"
  integrity sha512-YcU4oi1pd9K8KfPfhZHD7GGnn034SoaVld5534eEnTMgpUn2y7KHZJlPCjrdh1tIy+PBvnYAkxBtx+mKWRCKFQ==
  dependencies:
    "@material/feature-targeting" "^8.0.0"

"@material/touch-target@^8.0.0":
  version "8.0.0"
  resolved "https://registry.npmjs.org/@material/touch-target/-/touch-target-8.0.0.tgz#7e5d45be0f33644707109960ce0cb59c5d598bbd"
  integrity sha512-vRaV8AYiZfN+90SxDrO38rmmwNrTQHwwWGViBWod2uedQLe+TisldKa0UlCBrVscuDMVO3cpDdsgVzzdpCHdxg==
  dependencies:
    "@material/base" "^8.0.0"
    "@material/feature-targeting" "^8.0.0"

"@material/typography@^8.0.0":
  version "8.0.0"
  resolved "https://registry.npmjs.org/@material/typography/-/typography-8.0.0.tgz#abe8d5f43350857dfedc3d152356ff25dfa254a9"
  integrity sha512-1CKckX1JStAh4JvOGwyc3vJ8ggGJXBZJTZJDJNmXSyJeL8SkLdppeTjr02zN09VNrVehS41ArhScPF0zl0rMzQ==
  dependencies:
    "@material/feature-targeting" "^8.0.0"
    "@material/theme" "^8.0.0"

"@popperjs/core@^2.8.3":
  version "2.9.2"
  resolved "https://registry.npmjs.org/@popperjs/core/-/core-2.9.2.tgz#adea7b6953cbb34651766b0548468e743c6a2353"
  integrity sha512-VZMYa7+fXHdwIq1TDhSXoVmSPEGM/aa+6Aiq3nVVJ9bXr24zScr+NlKFKC3iPljA7ho/GAZr+d2jOf5GIRC30Q==

"@stencil/core@2.4.0":
  version "2.4.0"
  resolved "https://registry.npmjs.org/@stencil/core/-/core-2.4.0.tgz#17b45629c8986e35dcbce3f7dab7d64beede83f2"
  integrity sha512-gU6+Yyd6O0KrCSS/O6j8KKqmRo+/Dcs2fI0+APCpbAWK+nqhwDISpdnSEfGDCLMoAC08XOZCycBRk2K1VGnEcg==

autosize@^4.0.2:
  version "4.0.2"
  resolved "https://registry.npmjs.org/autosize/-/autosize-4.0.2.tgz#073cfd07c8bf45da4b9fd153437f5bafbba1e4c9"
  integrity sha512-jnSyH2d+qdfPGpWlcuhGiHmqBJ6g3X+8T+iRwFrHPLVcdoGJE/x6Qicm6aDHfTsbgZKxyV8UU/YB2p4cjKDRRA==

classnames@^2.2.6:
  version "2.3.1"
  resolved "https://registry.npmjs.org/classnames/-/classnames-2.3.1.tgz#dfcfa3891e306ec1dad105d0e88f4417b8535e8e"
  integrity sha512-OlQdbZ7gLfGarSqxesMesDa5uz7KFbID8Kpq/SxIoNGDqY8lSYs0D+hhtBXhcdB3rcbXArFr7vlHheLk1voeNA==

currency.js@^1.2.2:
  version "1.2.2"
  resolved "https://registry.npmjs.org/currency.js/-/currency.js-1.2.2.tgz#ae84daf68798051097ad3feb2d022ad08994f526"
  integrity sha512-trMkXtHpIFq2P+PcSml3La/jpwo8shy2Xn/b5mBXoJhx3E4m3wBbdjS8eHy/DWgYKaEUH8EXPC6yomFx+zumww==

date-fns@^2.16.1:
  version "2.21.1"
  resolved "https://registry.npmjs.org/date-fns/-/date-fns-2.21.1.tgz#679a4ccaa584c0706ea70b3fa92262ac3009d2b0"
  integrity sha512-m1WR0xGiC6j6jNFAyW4Nvh4WxAi4JF4w9jRJwSI8nBmNcyZXPcP9VUQG+6gHQXAmqaGEKDKhOqAtENDC941UkA==

flatpickr@^4.4.6:
  version "4.6.9"
  resolved "https://registry.npmjs.org/flatpickr/-/flatpickr-4.6.9.tgz#9a13383e8a6814bda5d232eae3fcdccb97dc1499"
  integrity sha512-F0azNNi8foVWKSF+8X+ZJzz8r9sE1G4hl06RyceIaLvyltKvDl6vqk9Lm/6AUUCi5HWaIjiUbk7UpeE/fOXOpw==

tippy.js@^6.2.3:
  version "6.3.1"
  resolved "https://registry.npmjs.org/tippy.js/-/tippy.js-6.3.1.tgz#3788a007be7015eee0fd589a66b98fb3f8f10181"
  integrity sha512-JnFncCq+rF1dTURupoJ4yPie5Cof978inW6/4S6kmWV7LL9YOSEVMifED3KdrVPEG+Z/TFH2CDNJcQEfaeuQww==
  dependencies:
    "@popperjs/core" "^2.8.3"

tslib@^1.10.0, tslib@^1.9.3:
  version "1.14.1"
  resolved "https://registry.npmjs.org/tslib/-/tslib-1.14.1.tgz#cf2d38bdc34a134bcaf1091c41f6619e2f672d00"
  integrity sha512-Xni35NKzjgMrwevysHTCArtLDpPvye8zV/0E4EyYn43P7/7qvQwPh9BGkHewbMulVntbigmcT7rdX3BNo9wRJg==

typeface-lato@^0.0.75:
  version "0.0.75"
  resolved "https://registry.npmjs.org/typeface-lato/-/typeface-lato-0.0.75.tgz#8aa11c5611dc38416837c089b265a2abd1f7dd31"
  integrity sha512-iA5uJD4PSTyIE4BDiSOexQeXkDkiJuX4Hu3wh3saJ06EB2TvJayab1Lbbmqq2je/LQv7KCQZHZmC0k4hedd8sw==
