# THIS IS AN AUTOGENERATED FILE. DO NOT EDIT THIS FILE DIRECTLY.
# yarn lockfile v1


"@braintree/sanitize-url@^3.1.0":
  version "3.1.0"
  resolved "https://registry.yarnpkg.com/@braintree/sanitize-url/-/sanitize-url-3.1.0.tgz#8ff71d51053cd5ee4981e5a501d80a536244f7fd"
  integrity sha512-GcIY79elgB+azP74j8vqkiXz8xLFfIzbQJdlwOPisgbKT00tviJQuEghOXSMVxJ00HoYJbGswr4kcllUc4xCcg==

"@inovex/elements@^0.9.0":
  version "0.9.0"
  resolved "https://artifactory.inovex.de/artifactory/api/npm/internal-npm/@inovex/elements/-/@inovex/elements-0.9.0.tgz#54aff80953965f0713bee5142b4eaaf9e4f7baa6"
  integrity sha1-VK/4CVOWXwcTvuUUK06q+eT3uqY=
  dependencies:
    "@material/button" "^3.0.0"
    "@material/card" "^3.0.0"
    "@material/checkbox" "^3.0.0"
    "@material/chips" "^3.0.0"
    "@material/fab" "^3.0.0"
    "@material/form-field" "^3.0.0"
    "@material/icon-button" "3.0.0"
    "@material/list" "^3.0.0"
    "@material/menu" "^3.0.0"
    "@material/radio" "^3.0.0"
    "@material/ripple" "^3.0.0"
    "@material/select" "^3.0.0"
    "@material/slider" "^3.0.0"
    "@material/snackbar" "^3.0.0"
    "@material/tab" "^3.0.0"
    "@material/tab-bar" "^3.0.0"
    "@material/tab-indicator" "^3.0.0"
    "@material/tab-scroller" "^3.0.0"
    "@material/textfield" "^3.0.0"
    "@material/typography" "^3.0.0"
    "@stencil/core" "1.4.0"
    autosize "^4.0.2"
    classnames "^2.2.6"
    flatpickr "^4.4.6"
    highlightjs "^9.10.0"
    mermaid "^8.2.6"
    tooltip.js "^1.3.2"

"@material/animation@^3.1.0":
  version "3.1.0"
  resolved "https://registry.yarnpkg.com/@material/animation/-/animation-3.1.0.tgz#ab04e7c2e92ab370a2b28d12af1b88538d23014f"
  integrity sha512-ZfP95awrPBLhpaCTPNx+xKYPp2D88fzf5p5YNVp6diUAGRpq3g12Aq7qJfIHDXAFo5CtrYhgOKRqIKxUVcFisQ==
  dependencies:
    tslib "^1.9.3"

"@material/base@^3.0.0", "@material/base@^3.1.0":
  version "3.1.0"
  resolved "https://registry.yarnpkg.com/@material/base/-/base-3.1.0.tgz#ab933896ab6390d4e1d2f9797b74a90f47db272a"
  integrity sha512-pWEBHyPrMV3rdnjqWWH96h5t3MxQI6V1J9jOor+UBG7bXQtr6InTabTqhz5CLY7r+qZU8YvNh2OKIy8heP0cyQ==
  dependencies:
    tslib "^1.9.3"

"@material/button@^3.0.0", "@material/button@^3.2.0":
  version "3.2.0"
  resolved "https://registry.yarnpkg.com/@material/button/-/button-3.2.0.tgz#859d9ce164d6ee5925ac0fb04af57ea7d9295c6e"
  integrity sha512-VEASy3Dtc7BCo8/cuUIp6w0+/l4U1myGZffK5GeFVInP/erStSQOmYXT7jGXkZpUglRzWOpVvEpc6nsvhMqGbw==
  dependencies:
    "@material/elevation" "^3.1.0"
    "@material/feature-targeting" "^3.1.0"
    "@material/ripple" "^3.2.0"
    "@material/rtl" "^3.2.0"
    "@material/shape" "^3.1.0"
    "@material/theme" "^3.1.0"
    "@material/typography" "^3.1.0"

"@material/card@^3.0.0":
  version "3.2.0"
  resolved "https://registry.yarnpkg.com/@material/card/-/card-3.2.0.tgz#b051298ec6d498617b1927022dceb9a331ca3c39"
  integrity sha512-pC9HHhdAXarRJZgKx+xa6G/WPjGp+HN6sOgWPC6Od+0yFuMilCEScGkaXKPOFRt5UwNjzSIBPXJVyP6lmfg1NQ==
  dependencies:
    "@material/elevation" "^3.1.0"
    "@material/feature-targeting" "^3.1.0"
    "@material/ripple" "^3.2.0"
    "@material/rtl" "^3.2.0"
    "@material/shape" "^3.1.0"
    "@material/theme" "^3.1.0"

"@material/checkbox@^3.0.0", "@material/checkbox@^3.2.0":
  version "3.2.0"
  resolved "https://registry.yarnpkg.com/@material/checkbox/-/checkbox-3.2.0.tgz#168d4e16e160bec17948d06416935250fa10fac5"
  integrity sha512-4XgQ4sM40j60n4RN43BxXtkFVvyFQgo/vc0W5hf9Qz2uwEah46Shg1nHMYZNvcNW+FXRm96gH8zz3qFgEf1ytA==
  dependencies:
    "@material/animation" "^3.1.0"
    "@material/base" "^3.1.0"
    "@material/dom" "^3.1.0"
    "@material/feature-targeting" "^3.1.0"
    "@material/ripple" "^3.2.0"
    "@material/rtl" "^3.2.0"
    "@material/theme" "^3.1.0"
    tslib "^1.9.3"

"@material/chips@^3.0.0":
  version "3.2.0"
  resolved "https://registry.yarnpkg.com/@material/chips/-/chips-3.2.0.tgz#29973a0b92b99f6d30fdcc086ec13f1a06d27663"
  integrity sha512-XPm2RkqPFRog7hCMBTP4lM8AH9fqysXDMqf0ZomeJbFj4mkyalKsp45zrCR384gYjymwu99EHpcIs8L+gjVsrQ==
  dependencies:
    "@material/animation" "^3.1.0"
    "@material/base" "^3.1.0"
    "@material/checkbox" "^3.2.0"
    "@material/elevation" "^3.1.0"
    "@material/feature-targeting" "^3.1.0"
    "@material/ripple" "^3.2.0"
    "@material/shape" "^3.1.0"
    "@material/theme" "^3.1.0"
    "@material/typography" "^3.1.0"
    tslib "^1.9.3"

"@material/dom@^3.1.0":
  version "3.1.0"
  resolved "https://registry.yarnpkg.com/@material/dom/-/dom-3.1.0.tgz#1e58cad0cd5e1d9d6f6cb07422e327ad34a9d405"
  integrity sha512-RtBLSkrBjMfHwknaGBifAIC8cBWF9pXjz2IYqfI2braB6SfQI4vhdJviwyiA5BmA/psn3cKpBUZbHI0ym0O0SQ==
  dependencies:
    tslib "^1.9.3"

"@material/elevation@^3.1.0":
  version "3.1.0"
  resolved "https://registry.yarnpkg.com/@material/elevation/-/elevation-3.1.0.tgz#2fcbde47653cc115519a39acc2d04b34e4cff12b"
  integrity sha512-e45LqiG6LfbR1M52YkSLA7pQPeYJOuOVzLp27xy2072TnLuJexMxhEaG4O1novEIjsTtMjqfrfJ/koODU5vEew==
  dependencies:
    "@material/animation" "^3.1.0"
    "@material/feature-targeting" "^3.1.0"
    "@material/theme" "^3.1.0"

"@material/fab@^3.0.0":
  version "3.2.0"
  resolved "https://registry.yarnpkg.com/@material/fab/-/fab-3.2.0.tgz#193289ddeee6e4ed6ad37809c3fc85bbfd2c462f"
  integrity sha512-a/uPYDgIFZi2PpAV4Rqqnu9AKK2fA6ydSAVJE64Hs6isJ+UQUzGBvimOHy/DHtFmLxZJKuyakJd1Cq2jDlgXtg==
  dependencies:
    "@material/animation" "^3.1.0"
    "@material/elevation" "^3.1.0"
    "@material/feature-targeting" "^3.1.0"
    "@material/ripple" "^3.2.0"
    "@material/rtl" "^3.2.0"
    "@material/shape" "^3.1.0"
    "@material/theme" "^3.1.0"
    "@material/typography" "^3.1.0"

"@material/feature-targeting@^3.0.0", "@material/feature-targeting@^3.1.0":
  version "3.1.0"
  resolved "https://registry.yarnpkg.com/@material/feature-targeting/-/feature-targeting-3.1.0.tgz#a6f6cacd1e0c9b60dc82f2f3bb2de8cfd472252b"
  integrity sha512-aXAa1Pv6w32URacE9LfMsl9zI6hFwx1K0Lp3Xpyf4rAkmaAB6z0gOkhicOrVFc0f64YheJgHjE7hJFieVenQdw==

"@material/floating-label@^3.2.0":
  version "3.2.0"
  resolved "https://registry.yarnpkg.com/@material/floating-label/-/floating-label-3.2.0.tgz#6de47528d1534b7d87f42286ed952fe63153c4d9"
  integrity sha512-szzsSou+xXj3E6InEuOCr8E28IE5EdcBfKRaHoR5EBkzgcRxLuZkFSqD19zsUgVErdTCcRSbeU9mYa6cP8+Nzw==
  dependencies:
    "@material/animation" "^3.1.0"
    "@material/base" "^3.1.0"
    "@material/rtl" "^3.2.0"
    "@material/theme" "^3.1.0"
    "@material/typography" "^3.1.0"
    tslib "^1.9.3"

"@material/form-field@^3.0.0":
  version "3.2.0"
  resolved "https://registry.yarnpkg.com/@material/form-field/-/form-field-3.2.0.tgz#be35298526d7436922636ec8b163733814cfafa7"
  integrity sha512-4XjZGy1S966IOUxFaRAKcZOvr5qqvx8r1RMvfCsEzTB45y9Lo2puilNyCtatVAULRxCwszZb7Kbd++cpmMpzZA==
  dependencies:
    "@material/base" "^3.1.0"
    "@material/feature-targeting" "^3.1.0"
    "@material/ripple" "^3.2.0"
    "@material/rtl" "^3.2.0"
    "@material/theme" "^3.1.0"
    "@material/typography" "^3.1.0"
    tslib "^1.9.3"

"@material/icon-button@3.0.0":
  version "3.0.0"
  resolved "https://registry.yarnpkg.com/@material/icon-button/-/icon-button-3.0.0.tgz#41069c75a06eb848729f43452e17af6556cf2028"
  integrity sha512-vgRZepu9MiTl+KDTpatysiM39EBNi8aearDwIaXQHI8OK/z4ac/je1ysv2NP0dY5m5dUPFVrHcFx7oVX9xV1+w==
  dependencies:
    "@material/base" "^3.0.0"
    "@material/feature-targeting" "^3.0.0"
    "@material/ripple" "^3.0.0"
    "@material/theme" "^3.0.0"
    tslib "^1.9.3"

"@material/icon-button@^3.2.0":
  version "3.2.0"
  resolved "https://registry.yarnpkg.com/@material/icon-button/-/icon-button-3.2.0.tgz#7a132fffe5be347db77281d63e7e4c5ffe0881ca"
  integrity sha512-UTX1q4x5FxntBeb5TxBsXIjbhwFjQxJxovaUGo8+eUL9V9tU6rJ3NnlrFirx9gZnFIU1Xpssm91NCItVZy/Dpg==
  dependencies:
    "@material/base" "^3.1.0"
    "@material/feature-targeting" "^3.1.0"
    "@material/ripple" "^3.2.0"
    "@material/theme" "^3.1.0"
    tslib "^1.9.3"

"@material/line-ripple@^3.1.0":
  version "3.1.0"
  resolved "https://registry.yarnpkg.com/@material/line-ripple/-/line-ripple-3.1.0.tgz#63a4f41f2a2a5df01c2e229a76fc2b0735cd62c0"
  integrity sha512-o6E6wrDqoOK4esCnM1MQ9t7DC/JQrzSrwYsYdqtOpGnr3G5Jx7WWVt6GEVh2eNXy8OnVYkJdQbMjyPVEVJb/Dg==
  dependencies:
    "@material/animation" "^3.1.0"
    "@material/base" "^3.1.0"
    "@material/theme" "^3.1.0"
    tslib "^1.9.3"

"@material/list@^3.0.0", "@material/list@^3.2.0":
  version "3.2.0"
  resolved "https://registry.yarnpkg.com/@material/list/-/list-3.2.0.tgz#f14c277f0ffe09d4f0875f0add6daa8b87633d36"
  integrity sha512-WtMbN7u4z3qbwU7w/I1DdU6ges5oqorQD5bBXJcS+/c/lMqVul/qchVbnqRUBpewSlX14t7B6HSiLSwptDZK1Q==
  dependencies:
    "@material/base" "^3.1.0"
    "@material/dom" "^3.1.0"
    "@material/feature-targeting" "^3.1.0"
    "@material/ripple" "^3.2.0"
    "@material/rtl" "^3.2.0"
    "@material/shape" "^3.1.0"
    "@material/theme" "^3.1.0"
    "@material/typography" "^3.1.0"
    tslib "^1.9.3"

"@material/menu-surface@^3.2.0":
  version "3.2.0"
  resolved "https://registry.yarnpkg.com/@material/menu-surface/-/menu-surface-3.2.0.tgz#b779276bd69c1ff898f40b7cae54e5d8a874b1a4"
  integrity sha512-/B8FB5CR3QVNJZIlJzepeVluxPnQ6V2EbalgIAtOF5GIn441bXRDaZ9fNsq2yV424v2nhnDjyEcRgzBoXdeLVg==
  dependencies:
    "@material/animation" "^3.1.0"
    "@material/base" "^3.1.0"
    "@material/elevation" "^3.1.0"
    "@material/feature-targeting" "^3.1.0"
    "@material/rtl" "^3.2.0"
    "@material/shape" "^3.1.0"
    "@material/theme" "^3.1.0"
    tslib "^1.9.3"

"@material/menu@^3.0.0", "@material/menu@^3.2.0":
  version "3.2.0"
  resolved "https://registry.yarnpkg.com/@material/menu/-/menu-3.2.0.tgz#9a34a22f7a97f91d0703ea10f323d9c9d9ce541d"
  integrity sha512-UGCSKp1WTAYN/LmPbZGA9uU9Cz6iF+zi32BhgJ7aeLOLW5L5KMvtE0VBO4LciznpK9paxnghww1kiN5W1k+CoA==
  dependencies:
    "@material/base" "^3.1.0"
    "@material/dom" "^3.1.0"
    "@material/feature-targeting" "^3.1.0"
    "@material/list" "^3.2.0"
    "@material/menu-surface" "^3.2.0"
    "@material/ripple" "^3.2.0"
    "@material/rtl" "^3.2.0"
    tslib "^1.9.3"

"@material/notched-outline@^3.2.0":
  version "3.2.0"
  resolved "https://registry.yarnpkg.com/@material/notched-outline/-/notched-outline-3.2.0.tgz#3b7e79e6282e747a18e97b0d0c79f06eab924aa0"
  integrity sha512-IFuxVoQqlOy/WSSawI2Fglh/U1hS0QtVUiGsc8GUoVUd1pifn7RXidHP3vQrMDEo8M/RwA9p6uveQKjPwW41RA==
  dependencies:
    "@material/animation" "^3.1.0"
    "@material/base" "^3.1.0"
    "@material/floating-label" "^3.2.0"
    "@material/rtl" "^3.2.0"
    "@material/shape" "^3.1.0"
    "@material/theme" "^3.1.0"
    tslib "^1.9.3"

"@material/radio@^3.0.0":
  version "3.2.0"
  resolved "https://registry.yarnpkg.com/@material/radio/-/radio-3.2.0.tgz#3037825653b89c63dad956c46f9c511f598aefc8"
  integrity sha512-TQeaGsCyIkj1zruOe9g4Kj4p6T3vBRyWvVT15xTbHWBSkzJw2L917EEwIKxQtxqps3E7WEbzkBh0jPRZj8CMVQ==
  dependencies:
    "@material/animation" "^3.1.0"
    "@material/base" "^3.1.0"
    "@material/dom" "^3.1.0"
    "@material/feature-targeting" "^3.1.0"
    "@material/ripple" "^3.2.0"
    "@material/theme" "^3.1.0"
    tslib "^1.9.3"

"@material/ripple@^3.0.0", "@material/ripple@^3.2.0":
  version "3.2.0"
  resolved "https://registry.yarnpkg.com/@material/ripple/-/ripple-3.2.0.tgz#f4b714834b73b793b280024d4ebcca01018df3bd"
  integrity sha512-GtwkfNakALmfGLs6TpdFIVeAWjRqbyT7WfEw9aU7elUokABfHES+O0KoSKQSMQiSQ8Vjl90MONzNsN1Evi/1YQ==
  dependencies:
    "@material/animation" "^3.1.0"
    "@material/base" "^3.1.0"
    "@material/dom" "^3.1.0"
    "@material/feature-targeting" "^3.1.0"
    "@material/theme" "^3.1.0"
    tslib "^1.9.3"

"@material/rtl@^3.2.0":
  version "3.2.0"
  resolved "https://registry.yarnpkg.com/@material/rtl/-/rtl-3.2.0.tgz#0b2f7321463100674dfbf4507b54ccd052f05378"
  integrity sha512-L/w9m9Yx1ceOw/VjEfeJoqD4rW9QP3IBb9MamXAg3qUi/zsztoXD/FUw179pxkLn4huFFNlVYZ4Y1y6BpM0PMA==

"@material/select@^3.0.0":
  version "3.2.0"
  resolved "https://registry.yarnpkg.com/@material/select/-/select-3.2.0.tgz#69961f6758eda5cce9ed8ab6a72db32661697fd6"
  integrity sha512-6zqNBXXNsUtzaJwKvj+GOGCqvKCiu+MNsPZM+2ClNsCWLphFV6dC7iU83C4XQ2MdT7t+H2ggCQOBj5gieC1l7g==
  dependencies:
    "@material/animation" "^3.1.0"
    "@material/base" "^3.1.0"
    "@material/floating-label" "^3.2.0"
    "@material/line-ripple" "^3.1.0"
    "@material/menu" "^3.2.0"
    "@material/menu-surface" "^3.2.0"
    "@material/notched-outline" "^3.2.0"
    "@material/ripple" "^3.2.0"
    "@material/rtl" "^3.2.0"
    "@material/shape" "^3.1.0"
    "@material/theme" "^3.1.0"
    "@material/typography" "^3.1.0"
    tslib "^1.9.3"

"@material/shape@^3.1.0":
  version "3.1.0"
  resolved "https://registry.yarnpkg.com/@material/shape/-/shape-3.1.0.tgz#7ccac6606d0ae45b779b3e52b8921c09c2b2f429"
  integrity sha512-Oyvs7YjHfByA0e9IVVp7ojAlPwgSu3Bl0cioiE0OdkidkAaNu0izM2ryRzMBDH5o8+lRD0kpZoT+9CVVCdaYIg==
  dependencies:
    "@material/feature-targeting" "^3.1.0"

"@material/slider@^3.0.0":
  version "3.2.0"
  resolved "https://registry.yarnpkg.com/@material/slider/-/slider-3.2.0.tgz#82f7adae771b0ec546383eef7213155c52eb7a99"
  integrity sha512-8c1u9jfulYqTNtNgaiZnAHyLDyJovQ7oHms+tzLaRV9rENT2pu3Z9H/2KIlpYkYx/5DI0Uv8ogC3s2+zzMc1Dg==
  dependencies:
    "@material/animation" "^3.1.0"
    "@material/base" "^3.1.0"
    "@material/dom" "^3.1.0"
    "@material/feature-targeting" "^3.1.0"
    "@material/rtl" "^3.2.0"
    "@material/theme" "^3.1.0"
    "@material/typography" "^3.1.0"
    tslib "^1.9.3"

"@material/snackbar@^3.0.0":
  version "3.2.0"
  resolved "https://registry.yarnpkg.com/@material/snackbar/-/snackbar-3.2.0.tgz#ca59459d18db2e5f79078554c09a813bca55bd16"
  integrity sha512-WVA+dJYbzDMlPpXCdkGEQqi1+tHqV8a9tKBYlr4Vy+3UUaEl6gIomRiWNnagoodhOwGQhyugCeLKHtmVn72IZA==
  dependencies:
    "@material/animation" "^3.1.0"
    "@material/base" "^3.1.0"
    "@material/button" "^3.2.0"
    "@material/dom" "^3.1.0"
    "@material/feature-targeting" "^3.1.0"
    "@material/icon-button" "^3.2.0"
    "@material/ripple" "^3.2.0"
    "@material/rtl" "^3.2.0"
    "@material/shape" "^3.1.0"
    "@material/theme" "^3.1.0"
    "@material/typography" "^3.1.0"
    tslib "^1.9.3"

"@material/tab-bar@^3.0.0":
  version "3.2.0"
  resolved "https://registry.yarnpkg.com/@material/tab-bar/-/tab-bar-3.2.0.tgz#b4909bffff6b1be591269a4ddf88efd8227725b9"
  integrity sha512-PMSGLhuDm0iE4BQb9DovgKJD9EoKowQhKwXQBt/+5rlSaRshV8X0Gd1YlKgFVX7EAGK2Dfz5u60TFq00gMemXg==
  dependencies:
    "@material/base" "^3.1.0"
    "@material/elevation" "^3.1.0"
    "@material/feature-targeting" "^3.1.0"
    "@material/tab" "^3.2.0"
    "@material/tab-scroller" "^3.2.0"
    tslib "^1.9.3"

"@material/tab-indicator@^3.0.0", "@material/tab-indicator@^3.1.0":
  version "3.1.0"
  resolved "https://registry.yarnpkg.com/@material/tab-indicator/-/tab-indicator-3.1.0.tgz#aac5de4af5cb56da492535ff63bb2495a063fd31"
  integrity sha512-U4H1bg792ZP4BzjiG3i3htHKmRGlGUZ8c9iroRN6W5B4hYQ5/4DbFA2h2OaAZ1fhyjHiyFosK5ctvgu7qSfZ/g==
  dependencies:
    "@material/animation" "^3.1.0"
    "@material/base" "^3.1.0"
    "@material/feature-targeting" "^3.1.0"
    "@material/theme" "^3.1.0"
    tslib "^1.9.3"

"@material/tab-scroller@^3.0.0", "@material/tab-scroller@^3.2.0":
  version "3.2.0"
  resolved "https://registry.yarnpkg.com/@material/tab-scroller/-/tab-scroller-3.2.0.tgz#679868f72ccf707d7c7a029327364593dd226f71"
  integrity sha512-tf7QkLd5Javik4jjHcz1P64btgljvC7IjlYZ8tfoYGbs75Z0MGa57heCypzve8QZFjBcmfiKkw61dFoUbtkU6g==
  dependencies:
    "@material/animation" "^3.1.0"
    "@material/base" "^3.1.0"
    "@material/dom" "^3.1.0"
    "@material/feature-targeting" "^3.1.0"
    "@material/tab" "^3.2.0"
    tslib "^1.9.3"

"@material/tab@^3.0.0", "@material/tab@^3.2.0":
  version "3.2.0"
  resolved "https://registry.yarnpkg.com/@material/tab/-/tab-3.2.0.tgz#6db251162cf9069263b2c40243ece0cc71ee3964"
  integrity sha512-O1/ZrBQ/g+fI8jrrpfBDq55BhEPISrFvZeiIVQshQuyZh5bLYYhjMXbOsjC1UYu11rWqAiP+8jDgIyxQT9DHwQ==
  dependencies:
    "@material/base" "^3.1.0"
    "@material/feature-targeting" "^3.1.0"
    "@material/ripple" "^3.2.0"
    "@material/rtl" "^3.2.0"
    "@material/tab-indicator" "^3.1.0"
    "@material/theme" "^3.1.0"
    "@material/typography" "^3.1.0"
    tslib "^1.9.3"

"@material/textfield@^3.0.0":
  version "3.2.0"
  resolved "https://registry.yarnpkg.com/@material/textfield/-/textfield-3.2.0.tgz#c4272601f9a57f26fd7fce8b3089a5d5d6595ad1"
  integrity sha512-xPWDkTzurMOxvH0+DsenzboF7dFoUeLcbqX/9vyhWe3aPlO6ZWFNn3lAmYN24ElqR5FEr5zXNYfeIQ4JLT5mYw==
  dependencies:
    "@material/animation" "^3.1.0"
    "@material/base" "^3.1.0"
    "@material/dom" "^3.1.0"
    "@material/floating-label" "^3.2.0"
    "@material/line-ripple" "^3.1.0"
    "@material/notched-outline" "^3.2.0"
    "@material/ripple" "^3.2.0"
    "@material/rtl" "^3.2.0"
    "@material/shape" "^3.1.0"
    "@material/theme" "^3.1.0"
    "@material/typography" "^3.1.0"
    tslib "^1.9.3"

"@material/theme@^3.0.0", "@material/theme@^3.1.0":
  version "3.1.0"
  resolved "https://registry.yarnpkg.com/@material/theme/-/theme-3.1.0.tgz#d31147bbc9e20bdaa3e322c9e898e4fc98807d8c"
  integrity sha512-N4JX+akOwg1faAvFvIEhDcwW4cZfUpwEn8lct6Vs3WczjLF6/KdIoLVaYh+eVl1bzfsoIuWvx56j0B1PjXZw9g==
  dependencies:
    "@material/feature-targeting" "^3.1.0"

"@material/typography@^3.0.0", "@material/typography@^3.1.0":
  version "3.1.0"
  resolved "https://registry.yarnpkg.com/@material/typography/-/typography-3.1.0.tgz#5a3aee31f49f6b8c87ebc91b77c5b896b280c492"
  integrity sha512-aSNBQvVxIH1kORSYdLGuSTivx6oJ1MSOSTUAsUwhXPQLQlvbdFeZaqUp7xgn+EvRsHGRFhWk5YGuiBds9+7zQg==
  dependencies:
    "@material/feature-targeting" "^3.1.0"

"@stencil/core@1.4.0":
  version "1.4.0"
  resolved "https://registry.yarnpkg.com/@stencil/core/-/core-1.4.0.tgz#309dbbb9470ed735b642397c12dd082c94e070fc"
  integrity sha512-/iI87p7XsqE3U96ykx4SSY/btv9jZguI3JkG8RaTNlQipPUmPb0JmLei8sgijTUD/fY5TFuE3L1o8hwLI0rW3A==
  dependencies:
    typescript "3.6.2"

autosize@^4.0.2:
  version "4.0.2"
  resolved "https://registry.yarnpkg.com/autosize/-/autosize-4.0.2.tgz#073cfd07c8bf45da4b9fd153437f5bafbba1e4c9"
  integrity sha512-jnSyH2d+qdfPGpWlcuhGiHmqBJ6g3X+8T+iRwFrHPLVcdoGJE/x6Qicm6aDHfTsbgZKxyV8UU/YB2p4cjKDRRA==

buffer-from@^1.0.0:
  version "1.1.1"
  resolved "https://registry.yarnpkg.com/buffer-from/-/buffer-from-1.1.1.tgz#32713bc028f75c02fdb710d7c7bcec1f2c6070ef"
  integrity sha512-MQcXEUbCKtEo7bhqEs6560Hyd4XaovZlO/k9V3hjVUF/zwW7KBVdSK4gIt/bzwS9MbR5qob+F5jusZsb0YQK2A==

camel-case@^3.0.0:
  version "3.0.0"
  resolved "https://registry.yarnpkg.com/camel-case/-/camel-case-3.0.0.tgz#ca3c3688a4e9cf3a4cda777dc4dcbc713249cf73"
  integrity sha1-yjw2iKTpzzpM2nd9xNy8cTJJz3M=
  dependencies:
    no-case "^2.2.0"
    upper-case "^1.1.1"

classnames@^2.2.6:
  version "2.2.6"
  resolved "https://registry.yarnpkg.com/classnames/-/classnames-2.2.6.tgz#43935bffdd291f326dad0a205309b38d00f650ce"
  integrity sha512-JR/iSQOSt+LQIWwrwEzJ9uk0xfN3mTVYMwt1Ir5mUcSN6pU+V4zQFFaJsclJbPuAUQH+yfWef6tm7l1quW3C8Q==

clean-css@^4.1.6, clean-css@^4.2.1:
  version "4.2.1"
  resolved "https://registry.yarnpkg.com/clean-css/-/clean-css-4.2.1.tgz#2d411ef76b8569b6d0c84068dabe85b0aa5e5c17"
  integrity sha512-4ZxI6dy4lrY6FHzfiy1aEOXgu4LIsW2MhwG0VBKdcoGoH/XLFgaHSdLTGr4O8Be6A8r3MOphEiI8Gc1n0ecf3g==
  dependencies:
    source-map "~0.6.0"

commander@2, commander@^2.19.0, commander@^2.20.0, commander@~2.20.3:
  version "2.20.3"
  resolved "https://registry.yarnpkg.com/commander/-/commander-2.20.3.tgz#fd485e84c03eb4881c20722ba48035e8531aeb33"
  integrity sha512-GpVkmM8vF2vQUkj2LvZmD35JxeJOLCwJ9cUkugyk2nuhbv3+mJvpLYYt+0+USMxE+oj+ey/lJEnhZw75x/OMcQ==

crypto-random-string@^3.0.1:
  version "3.0.1"
  resolved "https://registry.yarnpkg.com/crypto-random-string/-/crypto-random-string-3.0.1.tgz#29d7dc759d577a768afb3b7b2765dd9bd7ffe36a"
  integrity sha512-dUL0cJ4PBLanJGJQBHQUkvZ3C4q13MXzl54oRqAIiJGiNkOZ4JDwkg/SBo7daGghzlJv16yW1p/4lIQukmbedA==
  dependencies:
    type-fest "^0.5.2"

css-b64-images@~0.2.5:
  version "0.2.5"
  resolved "https://registry.yarnpkg.com/css-b64-images/-/css-b64-images-0.2.5.tgz#42005d83204b2b4a5d93b6b1a5644133b5927a02"
  integrity sha1-QgBdgyBLK0pdk7axpWRBM7WSegI=

d3-array@1, d3-array@^1.1.1, d3-array@^1.2.0:
  version "1.2.4"
  resolved "https://registry.yarnpkg.com/d3-array/-/d3-array-1.2.4.tgz#635ce4d5eea759f6f605863dbcfc30edc737f71f"
  integrity sha512-KHW6M86R+FUPYGb3R5XiYjXPq7VzwxZ22buHhAEVG5ztoEcZZMLov530mmccaqA1GghZArjQV46fuc8kUqhhHw==

d3-axis@1:
  version "1.0.12"
  resolved "https://registry.yarnpkg.com/d3-axis/-/d3-axis-1.0.12.tgz#cdf20ba210cfbb43795af33756886fb3638daac9"
  integrity sha512-ejINPfPSNdGFKEOAtnBtdkpr24c4d4jsei6Lg98mxf424ivoDP2956/5HDpIAtmHo85lqT4pruy+zEgvRUBqaQ==

d3-brush@1:
  version "1.1.3"
  resolved "https://registry.yarnpkg.com/d3-brush/-/d3-brush-1.1.3.tgz#a04900a71fa5390f7f7afe1504b02a382709f380"
  integrity sha512-v8bbYyCFKjyCzFk/tdWqXwDykY8YWqhXYjcYxfILIit085VZOpj4XJKOMccTsvWxgzSLMJQg5SiqHjslsipEDg==
  dependencies:
    d3-dispatch "1"
    d3-drag "1"
    d3-interpolate "1"
    d3-selection "1"
    d3-transition "1"

d3-chord@1:
  version "1.0.6"
  resolved "https://registry.yarnpkg.com/d3-chord/-/d3-chord-1.0.6.tgz#309157e3f2db2c752f0280fedd35f2067ccbb15f"
  integrity sha512-JXA2Dro1Fxw9rJe33Uv+Ckr5IrAa74TlfDEhE/jfLOaXegMQFQTAgAw9WnZL8+HxVBRXaRGCkrNU7pJeylRIuA==
  dependencies:
    d3-array "1"
    d3-path "1"

d3-collection@1:
  version "1.0.7"
  resolved "https://registry.yarnpkg.com/d3-collection/-/d3-collection-1.0.7.tgz#349bd2aa9977db071091c13144d5e4f16b5b310e"
  integrity sha512-ii0/r5f4sjKNTfh84Di+DpztYwqKhEyUlKoPrzUFfeSkWxjW49xU2QzO9qrPrNkpdI0XJkfzvmTu8V2Zylln6A==

d3-color@1:
  version "1.4.0"
  resolved "https://registry.yarnpkg.com/d3-color/-/d3-color-1.4.0.tgz#89c45a995ed773b13314f06460df26d60ba0ecaf"
  integrity sha512-TzNPeJy2+iEepfiL92LAAB7fvnp/dV2YwANPVHdDWmYMm23qIJBYww3qT8I8C1wXrmrg4UWs7BKc2tKIgyjzHg==

d3-contour@1:
  version "1.3.2"
  resolved "https://registry.yarnpkg.com/d3-contour/-/d3-contour-1.3.2.tgz#652aacd500d2264cb3423cee10db69f6f59bead3"
  integrity sha512-hoPp4K/rJCu0ladiH6zmJUEz6+u3lgR+GSm/QdM2BBvDraU39Vr7YdDCicJcxP1z8i9B/2dJLgDC1NcvlF8WCg==
  dependencies:
    d3-array "^1.1.1"

d3-dispatch@1:
  version "1.0.5"
  resolved "https://registry.yarnpkg.com/d3-dispatch/-/d3-dispatch-1.0.5.tgz#e25c10a186517cd6c82dd19ea018f07e01e39015"
  integrity sha512-vwKx+lAqB1UuCeklr6Jh1bvC4SZgbSqbkGBLClItFBIYH4vqDJCA7qfoy14lXmJdnBOdxndAMxjCbImJYW7e6g==

d3-drag@1:
  version "1.2.4"
  resolved "https://registry.yarnpkg.com/d3-drag/-/d3-drag-1.2.4.tgz#ba9331d68158ad14cf0b4b28a8afa9e78c7d99ad"
  integrity sha512-ICPurDETFAelF1CTHdIyiUM4PsyZLaM+7oIBhmyP+cuVjze5vDZ8V//LdOFjg0jGnFIZD/Sfmk0r95PSiu78rw==
  dependencies:
    d3-dispatch "1"
    d3-selection "1"

d3-dsv@1:
  version "1.1.1"
  resolved "https://registry.yarnpkg.com/d3-dsv/-/d3-dsv-1.1.1.tgz#aaa830ecb76c4b5015572c647cc6441e3c7bb701"
  integrity sha512-1EH1oRGSkeDUlDRbhsFytAXU6cAmXFzc52YUe6MRlPClmWb85MP1J5x+YJRzya4ynZWnbELdSAvATFW/MbxaXw==
  dependencies:
    commander "2"
    iconv-lite "0.4"
    rw "1"

d3-ease@1:
  version "1.0.5"
  resolved "https://registry.yarnpkg.com/d3-ease/-/d3-ease-1.0.5.tgz#8ce59276d81241b1b72042d6af2d40e76d936ffb"
  integrity sha512-Ct1O//ly5y5lFM9YTdu+ygq7LleSgSE4oj7vUt9tPLHUi8VCV7QoizGpdWRWAwCO9LdYzIrQDg97+hGVdsSGPQ==

d3-fetch@1:
  version "1.1.2"
  resolved "https://registry.yarnpkg.com/d3-fetch/-/d3-fetch-1.1.2.tgz#957c8fbc6d4480599ba191b1b2518bf86b3e1be2"
  integrity sha512-S2loaQCV/ZeyTyIF2oP8D1K9Z4QizUzW7cWeAOAS4U88qOt3Ucf6GsmgthuYSdyB2HyEm4CeGvkQxWsmInsIVA==
  dependencies:
    d3-dsv "1"

d3-force@1:
  version "1.2.1"
  resolved "https://registry.yarnpkg.com/d3-force/-/d3-force-1.2.1.tgz#fd29a5d1ff181c9e7f0669e4bd72bdb0e914ec0b"
  integrity sha512-HHvehyaiUlVo5CxBJ0yF/xny4xoaxFxDnBXNvNcfW9adORGZfyNF1dj6DGLKyk4Yh3brP/1h3rnDzdIAwL08zg==
  dependencies:
    d3-collection "1"
    d3-dispatch "1"
    d3-quadtree "1"
    d3-timer "1"

d3-format@1:
  version "1.4.1"
  resolved "https://registry.yarnpkg.com/d3-format/-/d3-format-1.4.1.tgz#c45f74b17c5a290c072a4ba7039dd19662cd5ce6"
  integrity sha512-TUswGe6hfguUX1CtKxyG2nymO+1lyThbkS1ifLX0Sr+dOQtAD5gkrffpHnx+yHNKUZ0Bmg5T4AjUQwugPDrm0g==

d3-geo@1:
  version "1.11.6"
  resolved "https://registry.yarnpkg.com/d3-geo/-/d3-geo-1.11.6.tgz#134f2ef035ff75a448075fafdea92702a2e0e0cf"
  integrity sha512-z0J8InXR9e9wcgNtmVnPTj0TU8nhYT6lD/ak9may2PdKqXIeHUr8UbFLoCtrPYNsjv6YaLvSDQVl578k6nm7GA==
  dependencies:
    d3-array "1"

d3-hierarchy@1:
  version "1.1.8"
  resolved "https://registry.yarnpkg.com/d3-hierarchy/-/d3-hierarchy-1.1.8.tgz#7a6317bd3ed24e324641b6f1e76e978836b008cc"
  integrity sha512-L+GHMSZNwTpiq4rt9GEsNcpLa4M96lXMR8M/nMG9p5hBE0jy6C+3hWtyZMenPQdwla249iJy7Nx0uKt3n+u9+w==

d3-interpolate@1:
  version "1.3.2"
  resolved "https://registry.yarnpkg.com/d3-interpolate/-/d3-interpolate-1.3.2.tgz#417d3ebdeb4bc4efcc8fd4361c55e4040211fd68"
  integrity sha512-NlNKGopqaz9qM1PXh9gBF1KSCVh+jSFErrSlD/4hybwoNX/gt1d8CDbDW+3i+5UOHhjC6s6nMvRxcuoMVNgL2w==
  dependencies:
    d3-color "1"

d3-path@1:
  version "1.0.8"
  resolved "https://registry.yarnpkg.com/d3-path/-/d3-path-1.0.8.tgz#4a0606a794d104513ec4a8af43525f374b278719"
  integrity sha512-J6EfUNwcMQ+aM5YPOB8ZbgAZu6wc82f/0WFxrxwV6Ll8wBwLaHLKCqQ5Imub02JriCVVdPjgI+6P3a4EWJCxAg==

d3-polygon@1:
  version "1.0.5"
  resolved "https://registry.yarnpkg.com/d3-polygon/-/d3-polygon-1.0.5.tgz#9a645a0a64ff6cbf9efda96ee0b4a6909184c363"
  integrity sha512-RHhh1ZUJZfhgoqzWWuRhzQJvO7LavchhitSTHGu9oj6uuLFzYZVeBzaWTQ2qSO6bz2w55RMoOCf0MsLCDB6e0w==

d3-quadtree@1:
  version "1.0.6"
  resolved "https://registry.yarnpkg.com/d3-quadtree/-/d3-quadtree-1.0.6.tgz#d1ab2a95a7f27bbde88582c94166f6ae35f32056"
  integrity sha512-NUgeo9G+ENQCQ1LsRr2qJg3MQ4DJvxcDNCiohdJGHt5gRhBW6orIB5m5FJ9kK3HNL8g9F4ERVoBzcEwQBfXWVA==

d3-random@1:
  version "1.1.2"
  resolved "https://registry.yarnpkg.com/d3-random/-/d3-random-1.1.2.tgz#2833be7c124360bf9e2d3fd4f33847cfe6cab291"
  integrity sha512-6AK5BNpIFqP+cx/sreKzNjWbwZQCSUatxq+pPRmFIQaWuoD+NrbVWw7YWpHiXpCQ/NanKdtGDuB+VQcZDaEmYQ==

d3-scale-chromatic@1:
  version "1.5.0"
  resolved "https://registry.yarnpkg.com/d3-scale-chromatic/-/d3-scale-chromatic-1.5.0.tgz#54e333fc78212f439b14641fb55801dd81135a98"
  integrity sha512-ACcL46DYImpRFMBcpk9HhtIyC7bTBR4fNOPxwVSl0LfulDAwyiHyPOTqcDG1+t5d4P9W7t/2NAuWu59aKko/cg==
  dependencies:
    d3-color "1"
    d3-interpolate "1"

d3-scale@2:
  version "2.2.2"
  resolved "https://registry.yarnpkg.com/d3-scale/-/d3-scale-2.2.2.tgz#4e880e0b2745acaaddd3ede26a9e908a9e17b81f"
  integrity sha512-LbeEvGgIb8UMcAa0EATLNX0lelKWGYDQiPdHj+gLblGVhGLyNbaCn3EvrJf0A3Y/uOOU5aD6MTh5ZFCdEwGiCw==
  dependencies:
    d3-array "^1.2.0"
    d3-collection "1"
    d3-format "1"
    d3-interpolate "1"
    d3-time "1"
    d3-time-format "2"

d3-selection@1, d3-selection@^1.1.0:
  version "1.4.0"
  resolved "https://registry.yarnpkg.com/d3-selection/-/d3-selection-1.4.0.tgz#ab9ac1e664cf967ebf1b479cc07e28ce9908c474"
  integrity sha512-EYVwBxQGEjLCKF2pJ4+yrErskDnz5v403qvAid96cNdCMr8rmCYfY5RGzWz24mdIbxmDf6/4EAH+K9xperD5jg==

d3-shape@1:
  version "1.3.5"
  resolved "https://registry.yarnpkg.com/d3-shape/-/d3-shape-1.3.5.tgz#e81aea5940f59f0a79cfccac012232a8987c6033"
  integrity sha512-VKazVR3phgD+MUCldapHD7P9kcrvPcexeX/PkMJmkUov4JM8IxsSg1DvbYoYich9AtdTsa5nNk2++ImPiDiSxg==
  dependencies:
    d3-path "1"

d3-time-format@2:
  version "2.2.1"
  resolved "https://registry.yarnpkg.com/d3-time-format/-/d3-time-format-2.2.1.tgz#971f66aae3b8fb268040494986f41512d4d4dca6"
  integrity sha512-VA6WqORO1+H1SvSzgl2oT0z3niANh3opa8Cencpen1LFthw/bEX71R/DgjPlWw78J4UHmD0jCPP1W0HpwMkhjg==
  dependencies:
    d3-time "1"

d3-time@1:
  version "1.1.0"
  resolved "https://registry.yarnpkg.com/d3-time/-/d3-time-1.1.0.tgz#b1e19d307dae9c900b7e5b25ffc5dcc249a8a0f1"
  integrity sha512-Xh0isrZ5rPYYdqhAVk8VLnMEidhz5aP7htAADH6MfzgmmicPkTo8LhkLxci61/lCB7n7UmE3bN0leRt+qvkLxA==

d3-timer@1:
  version "1.0.9"
  resolved "https://registry.yarnpkg.com/d3-timer/-/d3-timer-1.0.9.tgz#f7bb8c0d597d792ff7131e1c24a36dd471a471ba"
  integrity sha512-rT34J5HnQUHhcLvhSB9GjCkN0Ddd5Y8nCwDBG2u6wQEeYxT/Lf51fTFFkldeib/sE/J0clIe0pnCfs6g/lRbyg==

d3-transition@1:
  version "1.2.0"
  resolved "https://registry.yarnpkg.com/d3-transition/-/d3-transition-1.2.0.tgz#f538c0e21b2aa1f05f3e965f8567e81284b3b2b8"
  integrity sha512-VJ7cmX/FPIPJYuaL2r1o1EMHLttvoIuZhhuAlRoOxDzogV8iQS6jYulDm3xEU3TqL80IZIhI551/ebmCMrkvhw==
  dependencies:
    d3-color "1"
    d3-dispatch "1"
    d3-ease "1"
    d3-interpolate "1"
    d3-selection "^1.1.0"
    d3-timer "1"

d3-voronoi@1:
  version "1.1.4"
  resolved "https://registry.yarnpkg.com/d3-voronoi/-/d3-voronoi-1.1.4.tgz#dd3c78d7653d2bb359284ae478645d95944c8297"
  integrity sha512-dArJ32hchFsrQ8uMiTBLq256MpnZjeuBtdHpaDlYuQyjU0CVzCJl/BVW+SkszaAeH95D/8gxqAhgx0ouAWAfRg==

d3-zoom@1:
  version "1.8.3"
  resolved "https://registry.yarnpkg.com/d3-zoom/-/d3-zoom-1.8.3.tgz#b6a3dbe738c7763121cd05b8a7795ffe17f4fc0a"
  integrity sha512-VoLXTK4wvy1a0JpH2Il+F2CiOhVu7VRXWF5M/LroMIh3/zBAC3WAt7QoIvPibOavVo20hN6/37vwAsdBejLyKQ==
  dependencies:
    d3-dispatch "1"
    d3-drag "1"
    d3-interpolate "1"
    d3-selection "1"
    d3-transition "1"

d3@^5.7.0:
  version "5.12.0"
  resolved "https://registry.yarnpkg.com/d3/-/d3-5.12.0.tgz#0ddeac879c28c882317cd439b495290acd59ab61"
  integrity sha512-flYVMoVuhPFHd9zVCe2BxIszUWqBcd5fvQGMNRmSiBrgdnh6Vlruh60RJQTouAK9xPbOB0plxMvBm4MoyODXNg==
  dependencies:
    d3-array "1"
    d3-axis "1"
    d3-brush "1"
    d3-chord "1"
    d3-collection "1"
    d3-color "1"
    d3-contour "1"
    d3-dispatch "1"
    d3-drag "1"
    d3-dsv "1"
    d3-ease "1"
    d3-fetch "1"
    d3-force "1"
    d3-format "1"
    d3-geo "1"
    d3-hierarchy "1"
    d3-interpolate "1"
    d3-path "1"
    d3-polygon "1"
    d3-quadtree "1"
    d3-random "1"
    d3-scale "2"
    d3-scale-chromatic "1"
    d3-selection "1"
    d3-shape "1"
    d3-time "1"
    d3-time-format "2"
    d3-timer "1"
    d3-transition "1"
    d3-voronoi "1"
    d3-zoom "1"

dagre-d3-renderer@^0.5.8:
  version "0.5.8"
  resolved "https://registry.yarnpkg.com/dagre-d3-renderer/-/dagre-d3-renderer-0.5.8.tgz#aa071bb71d3c4d67426925906f3f6ddead49c1a3"
  integrity sha512-XH2a86isUHRxzIYbjQVEuZtJnWEufb64H5DuXIUmn8esuB40jgLEbUUclulWOW62/ZoXlj2ZDyL8SJ+YRxs+jQ==
  dependencies:
    dagre-layout "^0.8.8"
    lodash "^4.17.5"

dagre-layout@^0.8.8:
  version "0.8.8"
  resolved "https://registry.yarnpkg.com/dagre-layout/-/dagre-layout-0.8.8.tgz#9b6792f24229f402441c14162c1049e3f261f6d9"
  integrity sha512-ZNV15T9za7X+fV8Z07IZquUKugCxm5owoiPPxfEx6OJRD331nkiIaF3vSt0JEY5FkrY0KfRQxcpQ3SpXB7pLPQ==
  dependencies:
    graphlibrary "^2.2.0"
    lodash "^4.17.5"

debug@^4.1.0:
  version "4.1.1"
  resolved "https://registry.yarnpkg.com/debug/-/debug-4.1.1.tgz#3b72260255109c6b589cee050f1d516139664791"
  integrity sha512-pYAIzeRo8J6KPEaJ0VWOh5Pzkbw/RetuzehGM7QRRX5he4fPHx2rdKMB256ehJCkX+XRQm16eZLqLNS8RSZXZw==
  dependencies:
    ms "^2.1.1"

escaper@^2.5.3:
  version "2.5.3"
  resolved "https://registry.yarnpkg.com/escaper/-/escaper-2.5.3.tgz#8b8fe90ba364054151ab7eff18b4ce43b1e13ab5"
  integrity sha512-QGb9sFxBVpbzMggrKTX0ry1oiI4CSDAl9vIL702hzl1jGW8VZs7qfqTRX7WDOjoNDoEVGcEtu1ZOQgReSfT2kQ==

flatpickr@^4.4.6:
  version "4.6.3"
  resolved "https://registry.yarnpkg.com/flatpickr/-/flatpickr-4.6.3.tgz#15a8b76b6e34e3a072861250503a5995b9d3bc60"
  integrity sha512-007VucCkqNOMMb9ggRLNuJowwaJcyOh4sKAFcdGfahfGc7JQbf94zSzjdBq/wVyHWUEs5o3+idhFZ0wbZMRmVQ==

graphlibrary@^2.2.0:
  version "2.2.0"
  resolved "https://registry.yarnpkg.com/graphlibrary/-/graphlibrary-2.2.0.tgz#017a14899775228dec4497a39babfdd6bf56eac6"
  integrity sha512-XTcvT55L8u4MBZrM37zXoUxsgxs/7sow7YSygd9CIwfWTVO8RVu7AYXhhCiTuFEf+APKgx6Jk4SuQbYR0vYKmQ==
  dependencies:
    lodash "^4.17.5"

he@^1.2.0:
  version "1.2.0"
  resolved "https://registry.yarnpkg.com/he/-/he-1.2.0.tgz#84ae65fa7eafb165fddb61566ae14baf05664f0f"
  integrity sha512-F/1DnUGPopORZi0ni+CvrCgHQ5FyEAHRLSApuYWMmrbSwoN2Mn/7k+Gl38gJnR7yyDZk6WLXwiGod1JOWNDKGw==

highlightjs@^9.10.0:
  version "9.12.0"
  resolved "https://registry.yarnpkg.com/highlightjs/-/highlightjs-9.12.0.tgz#9b84eb42a7aa8488eb69ac79fec44cf495bf72a1"
  integrity sha512-eAhWMtDZaOZIQdxIP4UEB1vNp/CVXQPdMSihTSuaExhFIRC0BVpXbtP3mTP1hDoGOyh7nbB3cuC3sOPhG5wGDA==

html-minifier@^4.0.0:
  version "4.0.0"
  resolved "https://registry.yarnpkg.com/html-minifier/-/html-minifier-4.0.0.tgz#cca9aad8bce1175e02e17a8c33e46d8988889f56"
  integrity sha512-aoGxanpFPLg7MkIl/DDFYtb0iWz7jMFGqFhvEDZga6/4QTjneiD8I/NXL1x5aaoCp7FSIT6h/OhykDdPsbtMig==
  dependencies:
    camel-case "^3.0.0"
    clean-css "^4.2.1"
    commander "^2.19.0"
    he "^1.2.0"
    param-case "^2.1.1"
    relateurl "^0.2.7"
    uglify-js "^3.5.1"

iconv-lite@0.4:
  version "0.4.24"
  resolved "https://registry.yarnpkg.com/iconv-lite/-/iconv-lite-0.4.24.tgz#2022b4b25fbddc21d2f524974a474aafe733908b"
  integrity sha512-v3MXnZAcvnywkTUEZomIActle7RXXeedOR31wwl7VlyoXO4Qi9arvSenNQWne1TcRwhCL1HwLI21bEqdpj8/rA==
  dependencies:
    safer-buffer ">= 2.1.2 < 3"

is-regexp@^1.0.0:
  version "1.0.0"
  resolved "https://registry.yarnpkg.com/is-regexp/-/is-regexp-1.0.0.tgz#fd2d883545c46bac5a633e7b9a09e87fa2cb5069"
  integrity sha1-/S2INUXEa6xaYz57mgnof6LLUGk=

lodash@^4.17.11, lodash@^4.17.5:
  version "4.17.15"
  resolved "https://registry.yarnpkg.com/lodash/-/lodash-4.17.15.tgz#b447f6670a0455bbfeedd11392eff330ea097548"
  integrity sha512-8xOcRHvCjnocdS5cpwXQXVzmmh5e5+saE2QGoeQmbKmRS6J3VQppPOIt0MnmE+4xlZoumy0GPG0D0MVIQbNA1A==

lower-case@^1.1.1:
  version "1.1.4"
  resolved "https://registry.yarnpkg.com/lower-case/-/lower-case-1.1.4.tgz#9a2cabd1b9e8e0ae993a4bf7d5875c39c42e8eac"
  integrity sha1-miyr0bno4K6ZOkv31YdcOcQujqw=

mermaid@^8.2.6:
  version "8.4.0"
  resolved "https://registry.yarnpkg.com/mermaid/-/mermaid-8.4.0.tgz#07052d143d43d36e76d7fe13dcc424852663dbed"
  integrity sha512-YnFq/RhPZfheDlE7OuhbBx8VbPLyhfx5MsiXFPTsUW1K/C2zMnA9Tkljbrb0ABLPJAIhjijQgvBYn556CGWewg==
  dependencies:
    "@braintree/sanitize-url" "^3.1.0"
    crypto-random-string "^3.0.1"
    d3 "^5.7.0"
    dagre-d3-renderer "^0.5.8"
    dagre-layout "^0.8.8"
    graphlibrary "^2.2.0"
    he "^1.2.0"
    lodash "^4.17.11"
    minify "^4.1.1"
    moment-mini "^2.22.1"
    prettier "^1.18.2"
    scope-css "^1.2.1"

minify@^4.1.1:
  version "4.1.3"
  resolved "https://registry.yarnpkg.com/minify/-/minify-4.1.3.tgz#58467922d14303f55a3a28fa79641371955b8fbd"
  integrity sha512-ykuscavxivSmVpcCzsXmsVTukWYLUUtPhHj0w2ILvHDGqC+hsuTCihBn9+PJBd58JNvWTNg9132J9nrrI2anzA==
  dependencies:
    clean-css "^4.1.6"
    css-b64-images "~0.2.5"
    debug "^4.1.0"
    html-minifier "^4.0.0"
    terser "^4.0.0"
    try-catch "^2.0.0"
    try-to-catch "^1.0.2"

moment-mini@^2.22.1:
  version "2.22.1"
  resolved "https://registry.yarnpkg.com/moment-mini/-/moment-mini-2.22.1.tgz#bc32d73e43a4505070be6b53494b17623183420d"
  integrity sha512-OUCkHOz7ehtNMYuZjNciXUfwTuz8vmF1MTbAy59ebf+ZBYZO5/tZKuChVWCX+uDo+4idJBpGltNfV8st+HwsGw==

ms@^2.1.1:
  version "2.1.2"
  resolved "https://registry.yarnpkg.com/ms/-/ms-2.1.2.tgz#d09d1f357b443f493382a8eb3ccd183872ae6009"
  integrity sha512-sGkPx+VjMtmA6MX27oA4FBFELFCZZ4S4XqeGOXCv68tT+jb3vk/RyaKWP0PTKyWtmLSM0b+adUTEvbs1PEaH2w==

no-case@^2.2.0:
  version "2.3.2"
  resolved "https://registry.yarnpkg.com/no-case/-/no-case-2.3.2.tgz#60b813396be39b3f1288a4c1ed5d1e7d28b464ac"
  integrity sha512-rmTZ9kz+f3rCvK2TD1Ue/oZlns7OGoIWP4fc3llxxRXlOkHKoWPPWJOfFYpITabSow43QJbRIoHQXtt10VldyQ==
  dependencies:
    lower-case "^1.1.1"

param-case@^2.1.1:
  version "2.1.1"
  resolved "https://registry.yarnpkg.com/param-case/-/param-case-2.1.1.tgz#df94fd8cf6531ecf75e6bef9a0858fbc72be2247"
  integrity sha1-35T9jPZTHs915r75oIWPvHK+Ikc=
  dependencies:
    no-case "^2.2.0"

popper.js@^1.0.2:
  version "1.16.0"
  resolved "https://registry.yarnpkg.com/popper.js/-/popper.js-1.16.0.tgz#2e1816bcbbaa518ea6c2e15a466f4cb9c6e2fbb3"
  integrity sha512-+G+EkOPoE5S/zChTpmBSSDYmhXJ5PsW8eMhH8cP/CQHMFPBG/kC9Y5IIw6qNYgdJ+/COf0ddY2li28iHaZRSjw==

prettier@^1.18.2:
  version "1.18.2"
  resolved "https://registry.yarnpkg.com/prettier/-/prettier-1.18.2.tgz#6823e7c5900017b4bd3acf46fe9ac4b4d7bda9ea"
  integrity sha512-OeHeMc0JhFE9idD4ZdtNibzY0+TPHSpSSb9h8FqtP+YnoZZ1sl8Vc9b1sasjfymH3SonAF4QcA2+mzHPhMvIiw==

relateurl@^0.2.7:
  version "0.2.7"
  resolved "https://registry.yarnpkg.com/relateurl/-/relateurl-0.2.7.tgz#54dbf377e51440aca90a4cd274600d3ff2d888a9"
  integrity sha1-VNvzd+UUQKypCkzSdGANP/LYiKk=

rw@1:
  version "1.3.3"
  resolved "https://registry.yarnpkg.com/rw/-/rw-1.3.3.tgz#3f862dfa91ab766b14885ef4d01124bfda074fb4"
  integrity sha1-P4Yt+pGrdmsUiF700BEkv9oHT7Q=

"safer-buffer@>= 2.1.2 < 3":
  version "2.1.2"
  resolved "https://registry.yarnpkg.com/safer-buffer/-/safer-buffer-2.1.2.tgz#44fa161b0187b9549dd84bb91802f9bd8385cd6a"
  integrity sha512-YZo3K82SD7Riyi0E1EQPojLz7kpepnSQI9IyPbHHg1XXXevb5dJI7tpyN2ADxGcQbHG7vcyRHk0cbwqcQriUtg==

scope-css@^1.2.1:
  version "1.2.1"
  resolved "https://registry.yarnpkg.com/scope-css/-/scope-css-1.2.1.tgz#c35768bc900cad030a3e0d663a818c0f6a57f40e"
  integrity sha512-UjLRmyEYaDNiOS673xlVkZFlVCtckJR/dKgr434VMm7Lb+AOOqXKdAcY7PpGlJYErjXXJzKN7HWo4uRPiZZG0Q==
  dependencies:
    escaper "^2.5.3"
    slugify "^1.3.1"
    strip-css-comments "^3.0.0"

slugify@^1.3.1:
  version "1.3.5"
  resolved "https://registry.yarnpkg.com/slugify/-/slugify-1.3.5.tgz#90210678818b6d533cb060083aed0e8238133508"
  integrity sha512-5VCnH7aS13b0UqWOs7Ef3E5rkhFe8Od+cp7wybFv5mv/sYSRkucZlJX0bamAJky7b2TTtGvrJBWVdpdEicsSrA==

source-map-support@~0.5.12:
  version "0.5.16"
  resolved "https://registry.yarnpkg.com/source-map-support/-/source-map-support-0.5.16.tgz#0ae069e7fe3ba7538c64c98515e35339eac5a042"
  integrity sha512-efyLRJDr68D9hBBNIPWFjhpFzURh+KJykQwvMyW5UiZzYwoF6l4YMMDIJJEyFWxWCqfyxLzz6tSfUFR+kXXsVQ==
  dependencies:
    buffer-from "^1.0.0"
    source-map "^0.6.0"

source-map@^0.6.0, source-map@~0.6.0, source-map@~0.6.1:
  version "0.6.1"
  resolved "https://registry.yarnpkg.com/source-map/-/source-map-0.6.1.tgz#74722af32e9614e9c287a8d0bbde48b5e2f1a263"
  integrity sha512-UjgapumWlbMhkBgzT7Ykc5YXUT46F0iKu8SGXq0bcwP5dz/h0Plj6enJqjz1Zbq2l5WaqYnrVbwWOWMyF3F47g==

strip-css-comments@^3.0.0:
  version "3.0.0"
  resolved "https://registry.yarnpkg.com/strip-css-comments/-/strip-css-comments-3.0.0.tgz#7a5625eff8a2b226cf8947a11254da96e13dae89"
  integrity sha1-elYl7/iisibPiUehElTaluE9rok=
  dependencies:
    is-regexp "^1.0.0"

terser@^4.0.0:
  version "4.3.9"
  resolved "https://registry.yarnpkg.com/terser/-/terser-4.3.9.tgz#e4be37f80553d02645668727777687dad26bbca8"
  integrity sha512-NFGMpHjlzmyOtPL+fDw3G7+6Ueh/sz4mkaUYa4lJCxOPTNzd0Uj0aZJOmsDYoSQyfuVoWDMSWTPU3huyOm2zdA==
  dependencies:
    commander "^2.20.0"
    source-map "~0.6.1"
    source-map-support "~0.5.12"

tooltip.js@^1.3.2:
  version "1.3.3"
  resolved "https://registry.yarnpkg.com/tooltip.js/-/tooltip.js-1.3.3.tgz#2ad0d77bb6776a76e117eac0afcd3c7d3a237121"
  integrity sha512-XWWuy/dBdF/F/YpRE955yqBZ4VdLfiTAUdOqoU+wJm6phJlMpEzl/iYHZ+qJswbeT9VG822bNfsETF9wzmoy5A==
  dependencies:
    popper.js "^1.0.2"

try-catch@^2.0.0:
  version "2.0.1"
  resolved "https://registry.yarnpkg.com/try-catch/-/try-catch-2.0.1.tgz#a35d354187c422f291a0bcfd9eb77e3a4f90c1e5"
  integrity sha512-LsOrmObN/2WdM+y2xG+t16vhYrQsnV8wftXIcIOWZhQcBJvKGYuamJGwnU98A7Jxs2oZNkJztXlphEOoA0DWqg==

try-to-catch@^1.0.2:
  version "1.1.1"
  resolved "https://registry.yarnpkg.com/try-to-catch/-/try-to-catch-1.1.1.tgz#770162dd13b9a0e55da04db5b7f888956072038a"
  integrity sha512-ikUlS+/BcImLhNYyIgZcEmq4byc31QpC+46/6Jm5ECWkVFhf8SM2Fp/0pMVXPX6vk45SMCwrP4Taxucne8I0VA==

tslib@^1.9.3:
  version "1.10.0"
  resolved "https://registry.yarnpkg.com/tslib/-/tslib-1.10.0.tgz#c3c19f95973fb0a62973fb09d90d961ee43e5c8a"
  integrity sha512-qOebF53frne81cf0S9B41ByenJ3/IuH8yJKngAX35CmiZySA0khhkovshKK+jGCaMnVomla7gVlIcc3EvKPbTQ==

type-fest@^0.5.2:
  version "0.5.2"
  resolved "https://registry.yarnpkg.com/type-fest/-/type-fest-0.5.2.tgz#d6ef42a0356c6cd45f49485c3b6281fc148e48a2"
  integrity sha512-DWkS49EQKVX//Tbupb9TFa19c7+MK1XmzkrZUR8TAktmE/DizXoaoJV6TZ/tSIPXipqNiRI6CyAe7x69Jb6RSw==

typescript@3.6.2:
  version "3.6.2"
  resolved "https://registry.yarnpkg.com/typescript/-/typescript-3.6.2.tgz#105b0f1934119dde543ac8eb71af3a91009efe54"
  integrity sha512-lmQ4L+J6mnu3xweP8+rOrUwzmN+MRAj7TgtJtDaXE5PMyX2kCrklhg3rvOsOIfNeAWMQWO2F1GPc1kMD2vLAfw==

uglify-js@^3.5.1:
  version "3.6.5"
  resolved "https://registry.yarnpkg.com/uglify-js/-/uglify-js-3.6.5.tgz#b0ee796d2ae7e25672e04f65629b997cd4b30bd6"
  integrity sha512-7L3W+Npia1OCr5Blp4/Vw83tK1mu5gnoIURtT1fUVfQ3Kf8WStWV6NJz0fdoBJZls0KlweruRTLVe6XLafmy5g==
  dependencies:
    commander "~2.20.3"
    source-map "~0.6.1"

upper-case@^1.1.1:
  version "1.1.3"
  resolved "https://registry.yarnpkg.com/upper-case/-/upper-case-1.1.3.tgz#f6b4501c2ec4cdd26ba78be7222961de77621598"
  integrity sha1-9rRQHC7EzdJrp4vnIilh3ndiFZg=
